
Microsoft Visual Studio Solution File, Format Version 12.00
# Visual Studio 2013
VisualStudioVersion = 12.0.30501.0
MinimumVisualStudioVersion = 10.0.40219.1
Project("{FAE04EC0-301F-11D3-BF4B-00C04F79EFBC}") = "Kilometros Testing", "Kilometros Testing\Kilometros Testing.csproj", "{A5C190FF-BEA5-4CD9-8484-DBD788529A8F}"
EndProject
Project("{FAE04EC0-301F-11D3-BF4B-00C04F79EFBC}") = "LibUsbDotNet", "LibUsbDotNet\LibUsbDotNet.csproj", "{0A78F6FF-5586-4052-8104-E23FF83A7CE1}"
EndProject
Project("{FAE04EC0-301F-11D3-BF4B-00C04F79EFBC}") = "Kms Desktop", "Kms Desktop\Kms Desktop.csproj", "{09B267C0-7707-43BE-B9C2-DF80897691C7}"
	ProjectSection(ProjectDependencies) = postProject
		{8DB8B173-81DD-42B9-B98F-4CE8218D8066} = {8DB8B173-81DD-42B9-B98F-4CE8218D8066}
	EndProjectSection
EndProject
Project("{FAE04EC0-301F-11D3-BF4B-00C04F79EFBC}") = "Kms Desktop Windows Driver Install", "Kms Desktop Windows Driver Install\Kms Desktop Windows Driver Install.csproj", "{8DB8B173-81DD-42B9-B98F-4CE8218D8066}"
EndProject
Project("{FAE04EC0-301F-11D3-BF4B-00C04F79EFBC}") = "Kms Interop", "..\KMS Interop\Kms Interop\Kms Interop.csproj", "{599494B1-8D7F-44DF-9D70-F0E2B8D118F0}"
EndProject
Project("{FAE04EC0-301F-11D3-BF4B-00C04F79EFBC}") = "Kms Interop Cloud Api Client", "..\KMS Interop\Kms Interop OAuth Client\Kms Interop Cloud Api Client.csproj", "{EBD429ED-9168-4497-AE09-EF1DBEAA2186}"
EndProject
Project("{FAE04EC0-301F-11D3-BF4B-00C04F79EFBC}") = "KMS Desktop 2", "KMS Desktop 2\KMS Desktop 2.csproj", "{3B14D7A6-12F9-4D81-8576-D91AAD3F7EA4}"
EndProject
Global
	GlobalSection(SolutionConfigurationPlatforms) = preSolution
		CD_ROM|Any CPU = CD_ROM|Any CPU
		CD_ROM|Mixed Platforms = CD_ROM|Mixed Platforms
		CD_ROM|Win32 = CD_ROM|Win32
		CD_ROM|x64 = CD_ROM|x64
		CD_ROM|x86 = CD_ROM|x86
		CodeAnalysis|Any CPU = CodeAnalysis|Any CPU
		CodeAnalysis|Mixed Platforms = CodeAnalysis|Mixed Platforms
		CodeAnalysis|Win32 = CodeAnalysis|Win32
		CodeAnalysis|x64 = CodeAnalysis|x64
		CodeAnalysis|x86 = CodeAnalysis|x86
		Debug|Any CPU = Debug|Any CPU
		Debug|Mixed Platforms = Debug|Mixed Platforms
		Debug|Win32 = Debug|Win32
		Debug|x64 = Debug|x64
		Debug|x86 = Debug|x86
		DVD-5|Any CPU = DVD-5|Any CPU
		DVD-5|Mixed Platforms = DVD-5|Mixed Platforms
		DVD-5|Win32 = DVD-5|Win32
		DVD-5|x64 = DVD-5|x64
		DVD-5|x86 = DVD-5|x86
		Release|Any CPU = Release|Any CPU
		Release|Mixed Platforms = Release|Mixed Platforms
		Release|Win32 = Release|Win32
		Release|x64 = Release|x64
		Release|x86 = Release|x86
		SingleImage|Any CPU = SingleImage|Any CPU
		SingleImage|Mixed Platforms = SingleImage|Mixed Platforms
		SingleImage|Win32 = SingleImage|Win32
		SingleImage|x64 = SingleImage|x64
		SingleImage|x86 = SingleImage|x86
		Win7 Debug|Any CPU = Win7 Debug|Any CPU
		Win7 Debug|Mixed Platforms = Win7 Debug|Mixed Platforms
		Win7 Debug|Win32 = Win7 Debug|Win32
		Win7 Debug|x64 = Win7 Debug|x64
		Win7 Debug|x86 = Win7 Debug|x86
		Win7 Release|Any CPU = Win7 Release|Any CPU
		Win7 Release|Mixed Platforms = Win7 Release|Mixed Platforms
		Win7 Release|Win32 = Win7 Release|Win32
		Win7 Release|x64 = Win7 Release|x64
		Win7 Release|x86 = Win7 Release|x86
		Win8 Debug|Any CPU = Win8 Debug|Any CPU
		Win8 Debug|Mixed Platforms = Win8 Debug|Mixed Platforms
		Win8 Debug|Win32 = Win8 Debug|Win32
		Win8 Debug|x64 = Win8 Debug|x64
		Win8 Debug|x86 = Win8 Debug|x86
		Win8 Release|Any CPU = Win8 Release|Any CPU
		Win8 Release|Mixed Platforms = Win8 Release|Mixed Platforms
		Win8 Release|Win32 = Win8 Release|Win32
		Win8 Release|x64 = Win8 Release|x64
		Win8 Release|x86 = Win8 Release|x86
		Win8.1 Debug|Any CPU = Win8.1 Debug|Any CPU
		Win8.1 Debug|Mixed Platforms = Win8.1 Debug|Mixed Platforms
		Win8.1 Debug|Win32 = Win8.1 Debug|Win32
		Win8.1 Debug|x64 = Win8.1 Debug|x64
		Win8.1 Debug|x86 = Win8.1 Debug|x86
		Win8.1 Release|Any CPU = Win8.1 Release|Any CPU
		Win8.1 Release|Mixed Platforms = Win8.1 Release|Mixed Platforms
		Win8.1 Release|Win32 = Win8.1 Release|Win32
		Win8.1 Release|x64 = Win8.1 Release|x64
		Win8.1 Release|x86 = Win8.1 Release|x86
	EndGlobalSection
	GlobalSection(ProjectConfigurationPlatforms) = postSolution
		{A5C190FF-BEA5-4CD9-8484-DBD788529A8F}.CD_ROM|Any CPU.ActiveCfg = Debug|Any CPU
		{A5C190FF-BEA5-4CD9-8484-DBD788529A8F}.CD_ROM|Any CPU.Build.0 = Debug|Any CPU
		{A5C190FF-BEA5-4CD9-8484-DBD788529A8F}.CD_ROM|Mixed Platforms.ActiveCfg = Debug|Any CPU
		{A5C190FF-BEA5-4CD9-8484-DBD788529A8F}.CD_ROM|Mixed Platforms.Build.0 = Debug|Any CPU
		{A5C190FF-BEA5-4CD9-8484-DBD788529A8F}.CD_ROM|Win32.ActiveCfg = Debug|Any CPU
		{A5C190FF-BEA5-4CD9-8484-DBD788529A8F}.CD_ROM|x64.ActiveCfg = Debug|Any CPU
		{A5C190FF-BEA5-4CD9-8484-DBD788529A8F}.CD_ROM|x86.ActiveCfg = Debug|Any CPU
		{A5C190FF-BEA5-4CD9-8484-DBD788529A8F}.CodeAnalysis|Any CPU.ActiveCfg = Release|Any CPU
		{A5C190FF-BEA5-4CD9-8484-DBD788529A8F}.CodeAnalysis|Any CPU.Build.0 = Release|Any CPU
		{A5C190FF-BEA5-4CD9-8484-DBD788529A8F}.CodeAnalysis|Mixed Platforms.ActiveCfg = Release|Any CPU
		{A5C190FF-BEA5-4CD9-8484-DBD788529A8F}.CodeAnalysis|Mixed Platforms.Build.0 = Release|Any CPU
		{A5C190FF-BEA5-4CD9-8484-DBD788529A8F}.CodeAnalysis|Win32.ActiveCfg = Release|Any CPU
		{A5C190FF-BEA5-4CD9-8484-DBD788529A8F}.CodeAnalysis|x64.ActiveCfg = Release|Any CPU
		{A5C190FF-BEA5-4CD9-8484-DBD788529A8F}.CodeAnalysis|x86.ActiveCfg = Debug|Any CPU
		{A5C190FF-BEA5-4CD9-8484-DBD788529A8F}.Debug|Any CPU.ActiveCfg = Debug|Any CPU
		{A5C190FF-BEA5-4CD9-8484-DBD788529A8F}.Debug|Any CPU.Build.0 = Debug|Any CPU
		{A5C190FF-BEA5-4CD9-8484-DBD788529A8F}.Debug|Mixed Platforms.ActiveCfg = Debug|Any CPU
		{A5C190FF-BEA5-4CD9-8484-DBD788529A8F}.Debug|Mixed Platforms.Build.0 = Debug|Any CPU
		{A5C190FF-BEA5-4CD9-8484-DBD788529A8F}.Debug|Win32.ActiveCfg = Debug|Any CPU
		{A5C190FF-BEA5-4CD9-8484-DBD788529A8F}.Debug|x64.ActiveCfg = Debug|Any CPU
		{A5C190FF-BEA5-4CD9-8484-DBD788529A8F}.Debug|x86.ActiveCfg = Debug|Any CPU
		{A5C190FF-BEA5-4CD9-8484-DBD788529A8F}.DVD-5|Any CPU.ActiveCfg = Debug|Any CPU
		{A5C190FF-BEA5-4CD9-8484-DBD788529A8F}.DVD-5|Any CPU.Build.0 = Debug|Any CPU
		{A5C190FF-BEA5-4CD9-8484-DBD788529A8F}.DVD-5|Mixed Platforms.ActiveCfg = Debug|Any CPU
		{A5C190FF-BEA5-4CD9-8484-DBD788529A8F}.DVD-5|Mixed Platforms.Build.0 = Debug|Any CPU
		{A5C190FF-BEA5-4CD9-8484-DBD788529A8F}.DVD-5|Win32.ActiveCfg = Debug|Any CPU
		{A5C190FF-BEA5-4CD9-8484-DBD788529A8F}.DVD-5|x64.ActiveCfg = Debug|Any CPU
		{A5C190FF-BEA5-4CD9-8484-DBD788529A8F}.DVD-5|x86.ActiveCfg = Debug|Any CPU
		{A5C190FF-BEA5-4CD9-8484-DBD788529A8F}.Release|Any CPU.ActiveCfg = Release|Any CPU
		{A5C190FF-BEA5-4CD9-8484-DBD788529A8F}.Release|Any CPU.Build.0 = Release|Any CPU
		{A5C190FF-BEA5-4CD9-8484-DBD788529A8F}.Release|Mixed Platforms.ActiveCfg = Release|Any CPU
		{A5C190FF-BEA5-4CD9-8484-DBD788529A8F}.Release|Mixed Platforms.Build.0 = Release|Any CPU
		{A5C190FF-BEA5-4CD9-8484-DBD788529A8F}.Release|Win32.ActiveCfg = Release|Any CPU
		{A5C190FF-BEA5-4CD9-8484-DBD788529A8F}.Release|x64.ActiveCfg = Release|Any CPU
		{A5C190FF-BEA5-4CD9-8484-DBD788529A8F}.Release|x86.ActiveCfg = Release|Any CPU
		{A5C190FF-BEA5-4CD9-8484-DBD788529A8F}.SingleImage|Any CPU.ActiveCfg = Debug|Any CPU
		{A5C190FF-BEA5-4CD9-8484-DBD788529A8F}.SingleImage|Any CPU.Build.0 = Debug|Any CPU
		{A5C190FF-BEA5-4CD9-8484-DBD788529A8F}.SingleImage|Mixed Platforms.ActiveCfg = Debug|Any CPU
		{A5C190FF-BEA5-4CD9-8484-DBD788529A8F}.SingleImage|Mixed Platforms.Build.0 = Debug|Any CPU
		{A5C190FF-BEA5-4CD9-8484-DBD788529A8F}.SingleImage|Win32.ActiveCfg = Debug|Any CPU
		{A5C190FF-BEA5-4CD9-8484-DBD788529A8F}.SingleImage|x64.ActiveCfg = Debug|Any CPU
		{A5C190FF-BEA5-4CD9-8484-DBD788529A8F}.SingleImage|x86.ActiveCfg = Debug|Any CPU
		{A5C190FF-BEA5-4CD9-8484-DBD788529A8F}.Win7 Debug|Any CPU.ActiveCfg = Debug|Any CPU
		{A5C190FF-BEA5-4CD9-8484-DBD788529A8F}.Win7 Debug|Any CPU.Build.0 = Debug|Any CPU
		{A5C190FF-BEA5-4CD9-8484-DBD788529A8F}.Win7 Debug|Mixed Platforms.ActiveCfg = Debug|Any CPU
		{A5C190FF-BEA5-4CD9-8484-DBD788529A8F}.Win7 Debug|Mixed Platforms.Build.0 = Debug|Any CPU
		{A5C190FF-BEA5-4CD9-8484-DBD788529A8F}.Win7 Debug|Win32.ActiveCfg = Debug|Any CPU
		{A5C190FF-BEA5-4CD9-8484-DBD788529A8F}.Win7 Debug|x64.ActiveCfg = Debug|Any CPU
		{A5C190FF-BEA5-4CD9-8484-DBD788529A8F}.Win7 Debug|x86.ActiveCfg = Debug|Any CPU
		{A5C190FF-BEA5-4CD9-8484-DBD788529A8F}.Win7 Release|Any CPU.ActiveCfg = Release|Any CPU
		{A5C190FF-BEA5-4CD9-8484-DBD788529A8F}.Win7 Release|Any CPU.Build.0 = Release|Any CPU
		{A5C190FF-BEA5-4CD9-8484-DBD788529A8F}.Win7 Release|Mixed Platforms.ActiveCfg = Release|Any CPU
		{A5C190FF-BEA5-4CD9-8484-DBD788529A8F}.Win7 Release|Mixed Platforms.Build.0 = Release|Any CPU
		{A5C190FF-BEA5-4CD9-8484-DBD788529A8F}.Win7 Release|Win32.ActiveCfg = Release|Any CPU
		{A5C190FF-BEA5-4CD9-8484-DBD788529A8F}.Win7 Release|x64.ActiveCfg = Release|Any CPU
		{A5C190FF-BEA5-4CD9-8484-DBD788529A8F}.Win7 Release|x86.ActiveCfg = Release|Any CPU
		{A5C190FF-BEA5-4CD9-8484-DBD788529A8F}.Win8 Debug|Any CPU.ActiveCfg = Debug|Any CPU
		{A5C190FF-BEA5-4CD9-8484-DBD788529A8F}.Win8 Debug|Any CPU.Build.0 = Debug|Any CPU
		{A5C190FF-BEA5-4CD9-8484-DBD788529A8F}.Win8 Debug|Mixed Platforms.ActiveCfg = Debug|Any CPU
		{A5C190FF-BEA5-4CD9-8484-DBD788529A8F}.Win8 Debug|Mixed Platforms.Build.0 = Debug|Any CPU
		{A5C190FF-BEA5-4CD9-8484-DBD788529A8F}.Win8 Debug|Win32.ActiveCfg = Debug|Any CPU
		{A5C190FF-BEA5-4CD9-8484-DBD788529A8F}.Win8 Debug|x64.ActiveCfg = Debug|Any CPU
		{A5C190FF-BEA5-4CD9-8484-DBD788529A8F}.Win8 Debug|x86.ActiveCfg = Debug|Any CPU
		{A5C190FF-BEA5-4CD9-8484-DBD788529A8F}.Win8 Release|Any CPU.ActiveCfg = Release|Any CPU
		{A5C190FF-BEA5-4CD9-8484-DBD788529A8F}.Win8 Release|Any CPU.Build.0 = Release|Any CPU
		{A5C190FF-BEA5-4CD9-8484-DBD788529A8F}.Win8 Release|Mixed Platforms.ActiveCfg = Release|Any CPU
		{A5C190FF-BEA5-4CD9-8484-DBD788529A8F}.Win8 Release|Mixed Platforms.Build.0 = Release|Any CPU
		{A5C190FF-BEA5-4CD9-8484-DBD788529A8F}.Win8 Release|Win32.ActiveCfg = Release|Any CPU
		{A5C190FF-BEA5-4CD9-8484-DBD788529A8F}.Win8 Release|x64.ActiveCfg = Release|Any CPU
		{A5C190FF-BEA5-4CD9-8484-DBD788529A8F}.Win8 Release|x86.ActiveCfg = Release|Any CPU
		{A5C190FF-BEA5-4CD9-8484-DBD788529A8F}.Win8.1 Debug|Any CPU.ActiveCfg = Debug|Any CPU
		{A5C190FF-BEA5-4CD9-8484-DBD788529A8F}.Win8.1 Debug|Any CPU.Build.0 = Debug|Any CPU
		{A5C190FF-BEA5-4CD9-8484-DBD788529A8F}.Win8.1 Debug|Mixed Platforms.ActiveCfg = Debug|Any CPU
		{A5C190FF-BEA5-4CD9-8484-DBD788529A8F}.Win8.1 Debug|Mixed Platforms.Build.0 = Debug|Any CPU
		{A5C190FF-BEA5-4CD9-8484-DBD788529A8F}.Win8.1 Debug|Win32.ActiveCfg = Debug|Any CPU
		{A5C190FF-BEA5-4CD9-8484-DBD788529A8F}.Win8.1 Debug|x64.ActiveCfg = Debug|Any CPU
		{A5C190FF-BEA5-4CD9-8484-DBD788529A8F}.Win8.1 Debug|x86.ActiveCfg = Debug|Any CPU
		{A5C190FF-BEA5-4CD9-8484-DBD788529A8F}.Win8.1 Release|Any CPU.ActiveCfg = Release|Any CPU
		{A5C190FF-BEA5-4CD9-8484-DBD788529A8F}.Win8.1 Release|Any CPU.Build.0 = Release|Any CPU
		{A5C190FF-BEA5-4CD9-8484-DBD788529A8F}.Win8.1 Release|Mixed Platforms.ActiveCfg = Release|Any CPU
		{A5C190FF-BEA5-4CD9-8484-DBD788529A8F}.Win8.1 Release|Mixed Platforms.Build.0 = Release|Any CPU
		{A5C190FF-BEA5-4CD9-8484-DBD788529A8F}.Win8.1 Release|Win32.ActiveCfg = Release|Any CPU
		{A5C190FF-BEA5-4CD9-8484-DBD788529A8F}.Win8.1 Release|x64.ActiveCfg = Release|Any CPU
		{A5C190FF-BEA5-4CD9-8484-DBD788529A8F}.Win8.1 Release|x86.ActiveCfg = Release|Any CPU
		{0A78F6FF-5586-4052-8104-E23FF83A7CE1}.CD_ROM|Any CPU.ActiveCfg = Debug|Any CPU
		{0A78F6FF-5586-4052-8104-E23FF83A7CE1}.CD_ROM|Any CPU.Build.0 = Debug|Any CPU
		{0A78F6FF-5586-4052-8104-E23FF83A7CE1}.CD_ROM|Mixed Platforms.ActiveCfg = Debug|x86
		{0A78F6FF-5586-4052-8104-E23FF83A7CE1}.CD_ROM|Mixed Platforms.Build.0 = Debug|x86
		{0A78F6FF-5586-4052-8104-E23FF83A7CE1}.CD_ROM|Win32.ActiveCfg = Debug|x86
		{0A78F6FF-5586-4052-8104-E23FF83A7CE1}.CD_ROM|Win32.Build.0 = Debug|x86
		{0A78F6FF-5586-4052-8104-E23FF83A7CE1}.CD_ROM|x64.ActiveCfg = Debug|Any CPU
		{0A78F6FF-5586-4052-8104-E23FF83A7CE1}.CD_ROM|x86.ActiveCfg = Debug|x86
		{0A78F6FF-5586-4052-8104-E23FF83A7CE1}.CD_ROM|x86.Build.0 = Debug|x86
		{0A78F6FF-5586-4052-8104-E23FF83A7CE1}.CodeAnalysis|Any CPU.ActiveCfg = Release|Any CPU
		{0A78F6FF-5586-4052-8104-E23FF83A7CE1}.CodeAnalysis|Any CPU.Build.0 = Release|Any CPU
		{0A78F6FF-5586-4052-8104-E23FF83A7CE1}.CodeAnalysis|Mixed Platforms.ActiveCfg = Release|x86
		{0A78F6FF-5586-4052-8104-E23FF83A7CE1}.CodeAnalysis|Mixed Platforms.Build.0 = Release|x86
		{0A78F6FF-5586-4052-8104-E23FF83A7CE1}.CodeAnalysis|Win32.ActiveCfg = Release|x86
		{0A78F6FF-5586-4052-8104-E23FF83A7CE1}.CodeAnalysis|Win32.Build.0 = Release|x86
		{0A78F6FF-5586-4052-8104-E23FF83A7CE1}.CodeAnalysis|x64.ActiveCfg = Release|Any CPU
		{0A78F6FF-5586-4052-8104-E23FF83A7CE1}.CodeAnalysis|x86.ActiveCfg = Release|x86
		{0A78F6FF-5586-4052-8104-E23FF83A7CE1}.CodeAnalysis|x86.Build.0 = Release|x86
		{0A78F6FF-5586-4052-8104-E23FF83A7CE1}.Debug|Any CPU.ActiveCfg = Debug|Any CPU
		{0A78F6FF-5586-4052-8104-E23FF83A7CE1}.Debug|Any CPU.Build.0 = Debug|Any CPU
		{0A78F6FF-5586-4052-8104-E23FF83A7CE1}.Debug|Mixed Platforms.ActiveCfg = Debug|x86
		{0A78F6FF-5586-4052-8104-E23FF83A7CE1}.Debug|Mixed Platforms.Build.0 = Debug|x86
		{0A78F6FF-5586-4052-8104-E23FF83A7CE1}.Debug|Win32.ActiveCfg = Debug|x86
		{0A78F6FF-5586-4052-8104-E23FF83A7CE1}.Debug|Win32.Build.0 = Debug|x86
		{0A78F6FF-5586-4052-8104-E23FF83A7CE1}.Debug|x64.ActiveCfg = Debug|Any CPU
		{0A78F6FF-5586-4052-8104-E23FF83A7CE1}.Debug|x86.ActiveCfg = Debug|x86
		{0A78F6FF-5586-4052-8104-E23FF83A7CE1}.Debug|x86.Build.0 = Debug|x86
		{0A78F6FF-5586-4052-8104-E23FF83A7CE1}.DVD-5|Any CPU.ActiveCfg = Debug|Any CPU
		{0A78F6FF-5586-4052-8104-E23FF83A7CE1}.DVD-5|Any CPU.Build.0 = Debug|Any CPU
		{0A78F6FF-5586-4052-8104-E23FF83A7CE1}.DVD-5|Mixed Platforms.ActiveCfg = Debug|x86
		{0A78F6FF-5586-4052-8104-E23FF83A7CE1}.DVD-5|Mixed Platforms.Build.0 = Debug|x86
		{0A78F6FF-5586-4052-8104-E23FF83A7CE1}.DVD-5|Win32.ActiveCfg = Debug|x86
		{0A78F6FF-5586-4052-8104-E23FF83A7CE1}.DVD-5|Win32.Build.0 = Debug|x86
		{0A78F6FF-5586-4052-8104-E23FF83A7CE1}.DVD-5|x64.ActiveCfg = Debug|Any CPU
		{0A78F6FF-5586-4052-8104-E23FF83A7CE1}.DVD-5|x86.ActiveCfg = Debug|x86
		{0A78F6FF-5586-4052-8104-E23FF83A7CE1}.DVD-5|x86.Build.0 = Debug|x86
		{0A78F6FF-5586-4052-8104-E23FF83A7CE1}.Release|Any CPU.ActiveCfg = Release|Any CPU
		{0A78F6FF-5586-4052-8104-E23FF83A7CE1}.Release|Any CPU.Build.0 = Release|Any CPU
		{0A78F6FF-5586-4052-8104-E23FF83A7CE1}.Release|Mixed Platforms.ActiveCfg = Release|x86
		{0A78F6FF-5586-4052-8104-E23FF83A7CE1}.Release|Mixed Platforms.Build.0 = Release|x86
		{0A78F6FF-5586-4052-8104-E23FF83A7CE1}.Release|Win32.ActiveCfg = Release|x86
		{0A78F6FF-5586-4052-8104-E23FF83A7CE1}.Release|Win32.Build.0 = Release|x86
		{0A78F6FF-5586-4052-8104-E23FF83A7CE1}.Release|x64.ActiveCfg = Release|Any CPU
		{0A78F6FF-5586-4052-8104-E23FF83A7CE1}.Release|x86.ActiveCfg = Release|x86
		{0A78F6FF-5586-4052-8104-E23FF83A7CE1}.Release|x86.Build.0 = Release|x86
		{0A78F6FF-5586-4052-8104-E23FF83A7CE1}.SingleImage|Any CPU.ActiveCfg = Debug|Any CPU
		{0A78F6FF-5586-4052-8104-E23FF83A7CE1}.SingleImage|Any CPU.Build.0 = Debug|Any CPU
		{0A78F6FF-5586-4052-8104-E23FF83A7CE1}.SingleImage|Mixed Platforms.ActiveCfg = Debug|x86
		{0A78F6FF-5586-4052-8104-E23FF83A7CE1}.SingleImage|Mixed Platforms.Build.0 = Debug|x86
		{0A78F6FF-5586-4052-8104-E23FF83A7CE1}.SingleImage|Win32.ActiveCfg = Debug|x86
		{0A78F6FF-5586-4052-8104-E23FF83A7CE1}.SingleImage|Win32.Build.0 = Debug|x86
		{0A78F6FF-5586-4052-8104-E23FF83A7CE1}.SingleImage|x64.ActiveCfg = Debug|Any CPU
		{0A78F6FF-5586-4052-8104-E23FF83A7CE1}.SingleImage|x86.ActiveCfg = Debug|x86
		{0A78F6FF-5586-4052-8104-E23FF83A7CE1}.SingleImage|x86.Build.0 = Debug|x86
		{0A78F6FF-5586-4052-8104-E23FF83A7CE1}.Win7 Debug|Any CPU.ActiveCfg = Debug|Any CPU
		{0A78F6FF-5586-4052-8104-E23FF83A7CE1}.Win7 Debug|Any CPU.Build.0 = Debug|Any CPU
		{0A78F6FF-5586-4052-8104-E23FF83A7CE1}.Win7 Debug|Mixed Platforms.ActiveCfg = Debug|x86
		{0A78F6FF-5586-4052-8104-E23FF83A7CE1}.Win7 Debug|Mixed Platforms.Build.0 = Debug|x86
		{0A78F6FF-5586-4052-8104-E23FF83A7CE1}.Win7 Debug|Win32.ActiveCfg = Debug|x86
		{0A78F6FF-5586-4052-8104-E23FF83A7CE1}.Win7 Debug|Win32.Build.0 = Debug|x86
		{0A78F6FF-5586-4052-8104-E23FF83A7CE1}.Win7 Debug|x64.ActiveCfg = Debug|Any CPU
		{0A78F6FF-5586-4052-8104-E23FF83A7CE1}.Win7 Debug|x86.ActiveCfg = Debug|x86
		{0A78F6FF-5586-4052-8104-E23FF83A7CE1}.Win7 Debug|x86.Build.0 = Debug|x86
		{0A78F6FF-5586-4052-8104-E23FF83A7CE1}.Win7 Release|Any CPU.ActiveCfg = Release|Any CPU
		{0A78F6FF-5586-4052-8104-E23FF83A7CE1}.Win7 Release|Any CPU.Build.0 = Release|Any CPU
		{0A78F6FF-5586-4052-8104-E23FF83A7CE1}.Win7 Release|Mixed Platforms.ActiveCfg = Release|x86
		{0A78F6FF-5586-4052-8104-E23FF83A7CE1}.Win7 Release|Mixed Platforms.Build.0 = Release|x86
		{0A78F6FF-5586-4052-8104-E23FF83A7CE1}.Win7 Release|Win32.ActiveCfg = Release|x86
		{0A78F6FF-5586-4052-8104-E23FF83A7CE1}.Win7 Release|Win32.Build.0 = Release|x86
		{0A78F6FF-5586-4052-8104-E23FF83A7CE1}.Win7 Release|x64.ActiveCfg = Release|Any CPU
		{0A78F6FF-5586-4052-8104-E23FF83A7CE1}.Win7 Release|x86.ActiveCfg = Release|x86
		{0A78F6FF-5586-4052-8104-E23FF83A7CE1}.Win7 Release|x86.Build.0 = Release|x86
		{0A78F6FF-5586-4052-8104-E23FF83A7CE1}.Win8 Debug|Any CPU.ActiveCfg = Debug|Any CPU
		{0A78F6FF-5586-4052-8104-E23FF83A7CE1}.Win8 Debug|Any CPU.Build.0 = Debug|Any CPU
		{0A78F6FF-5586-4052-8104-E23FF83A7CE1}.Win8 Debug|Mixed Platforms.ActiveCfg = Debug|x86
		{0A78F6FF-5586-4052-8104-E23FF83A7CE1}.Win8 Debug|Mixed Platforms.Build.0 = Debug|x86
		{0A78F6FF-5586-4052-8104-E23FF83A7CE1}.Win8 Debug|Win32.ActiveCfg = Debug|x86
		{0A78F6FF-5586-4052-8104-E23FF83A7CE1}.Win8 Debug|Win32.Build.0 = Debug|x86
		{0A78F6FF-5586-4052-8104-E23FF83A7CE1}.Win8 Debug|x64.ActiveCfg = Debug|Any CPU
		{0A78F6FF-5586-4052-8104-E23FF83A7CE1}.Win8 Debug|x86.ActiveCfg = Debug|x86
		{0A78F6FF-5586-4052-8104-E23FF83A7CE1}.Win8 Debug|x86.Build.0 = Debug|x86
		{0A78F6FF-5586-4052-8104-E23FF83A7CE1}.Win8 Release|Any CPU.ActiveCfg = Release|Any CPU
		{0A78F6FF-5586-4052-8104-E23FF83A7CE1}.Win8 Release|Any CPU.Build.0 = Release|Any CPU
		{0A78F6FF-5586-4052-8104-E23FF83A7CE1}.Win8 Release|Mixed Platforms.ActiveCfg = Release|x86
		{0A78F6FF-5586-4052-8104-E23FF83A7CE1}.Win8 Release|Mixed Platforms.Build.0 = Release|x86
		{0A78F6FF-5586-4052-8104-E23FF83A7CE1}.Win8 Release|Win32.ActiveCfg = Release|x86
		{0A78F6FF-5586-4052-8104-E23FF83A7CE1}.Win8 Release|Win32.Build.0 = Release|x86
		{0A78F6FF-5586-4052-8104-E23FF83A7CE1}.Win8 Release|x64.ActiveCfg = Release|Any CPU
		{0A78F6FF-5586-4052-8104-E23FF83A7CE1}.Win8 Release|x86.ActiveCfg = Release|x86
		{0A78F6FF-5586-4052-8104-E23FF83A7CE1}.Win8 Release|x86.Build.0 = Release|x86
		{0A78F6FF-5586-4052-8104-E23FF83A7CE1}.Win8.1 Debug|Any CPU.ActiveCfg = Debug|Any CPU
		{0A78F6FF-5586-4052-8104-E23FF83A7CE1}.Win8.1 Debug|Any CPU.Build.0 = Debug|Any CPU
		{0A78F6FF-5586-4052-8104-E23FF83A7CE1}.Win8.1 Debug|Mixed Platforms.ActiveCfg = Debug|x86
		{0A78F6FF-5586-4052-8104-E23FF83A7CE1}.Win8.1 Debug|Mixed Platforms.Build.0 = Debug|x86
		{0A78F6FF-5586-4052-8104-E23FF83A7CE1}.Win8.1 Debug|Win32.ActiveCfg = Debug|x86
		{0A78F6FF-5586-4052-8104-E23FF83A7CE1}.Win8.1 Debug|Win32.Build.0 = Debug|x86
		{0A78F6FF-5586-4052-8104-E23FF83A7CE1}.Win8.1 Debug|x64.ActiveCfg = Debug|Any CPU
		{0A78F6FF-5586-4052-8104-E23FF83A7CE1}.Win8.1 Debug|x86.ActiveCfg = Debug|x86
		{0A78F6FF-5586-4052-8104-E23FF83A7CE1}.Win8.1 Debug|x86.Build.0 = Debug|x86
		{0A78F6FF-5586-4052-8104-E23FF83A7CE1}.Win8.1 Release|Any CPU.ActiveCfg = Release|Any CPU
		{0A78F6FF-5586-4052-8104-E23FF83A7CE1}.Win8.1 Release|Any CPU.Build.0 = Release|Any CPU
		{0A78F6FF-5586-4052-8104-E23FF83A7CE1}.Win8.1 Release|Mixed Platforms.ActiveCfg = Release|x86
		{0A78F6FF-5586-4052-8104-E23FF83A7CE1}.Win8.1 Release|Mixed Platforms.Build.0 = Release|x86
		{0A78F6FF-5586-4052-8104-E23FF83A7CE1}.Win8.1 Release|Win32.ActiveCfg = Release|x86
		{0A78F6FF-5586-4052-8104-E23FF83A7CE1}.Win8.1 Release|Win32.Build.0 = Release|x86
		{0A78F6FF-5586-4052-8104-E23FF83A7CE1}.Win8.1 Release|x64.ActiveCfg = Release|Any CPU
		{0A78F6FF-5586-4052-8104-E23FF83A7CE1}.Win8.1 Release|x86.ActiveCfg = Release|x86
		{0A78F6FF-5586-4052-8104-E23FF83A7CE1}.Win8.1 Release|x86.Build.0 = Release|x86
		{09B267C0-7707-43BE-B9C2-DF80897691C7}.CD_ROM|Any CPU.ActiveCfg = Debug|Any CPU
		{09B267C0-7707-43BE-B9C2-DF80897691C7}.CD_ROM|Any CPU.Build.0 = Debug|Any CPU
		{09B267C0-7707-43BE-B9C2-DF80897691C7}.CD_ROM|Mixed Platforms.ActiveCfg = Debug|Any CPU
		{09B267C0-7707-43BE-B9C2-DF80897691C7}.CD_ROM|Mixed Platforms.Build.0 = Debug|Any CPU
		{09B267C0-7707-43BE-B9C2-DF80897691C7}.CD_ROM|Win32.ActiveCfg = Debug|Any CPU
		{09B267C0-7707-43BE-B9C2-DF80897691C7}.CD_ROM|x64.ActiveCfg = Debug|Any CPU
		{09B267C0-7707-43BE-B9C2-DF80897691C7}.CD_ROM|x86.ActiveCfg = Debug|Any CPU
		{09B267C0-7707-43BE-B9C2-DF80897691C7}.CodeAnalysis|Any CPU.ActiveCfg = Release|Any CPU
		{09B267C0-7707-43BE-B9C2-DF80897691C7}.CodeAnalysis|Any CPU.Build.0 = Release|Any CPU
		{09B267C0-7707-43BE-B9C2-DF80897691C7}.CodeAnalysis|Mixed Platforms.ActiveCfg = Release|Any CPU
		{09B267C0-7707-43BE-B9C2-DF80897691C7}.CodeAnalysis|Mixed Platforms.Build.0 = Release|Any CPU
		{09B267C0-7707-43BE-B9C2-DF80897691C7}.CodeAnalysis|Win32.ActiveCfg = Release|Any CPU
		{09B267C0-7707-43BE-B9C2-DF80897691C7}.CodeAnalysis|x64.ActiveCfg = Release|Any CPU
		{09B267C0-7707-43BE-B9C2-DF80897691C7}.CodeAnalysis|x86.ActiveCfg = Release|Any CPU
		{09B267C0-7707-43BE-B9C2-DF80897691C7}.Debug|Any CPU.ActiveCfg = Debug|Any CPU
		{09B267C0-7707-43BE-B9C2-DF80897691C7}.Debug|Any CPU.Build.0 = Debug|Any CPU
		{09B267C0-7707-43BE-B9C2-DF80897691C7}.Debug|Mixed Platforms.ActiveCfg = Debug|Any CPU
		{09B267C0-7707-43BE-B9C2-DF80897691C7}.Debug|Mixed Platforms.Build.0 = Debug|Any CPU
		{09B267C0-7707-43BE-B9C2-DF80897691C7}.Debug|Win32.ActiveCfg = Debug|Any CPU
		{09B267C0-7707-43BE-B9C2-DF80897691C7}.Debug|x64.ActiveCfg = Debug|Any CPU
		{09B267C0-7707-43BE-B9C2-DF80897691C7}.Debug|x86.ActiveCfg = Debug|Any CPU
		{09B267C0-7707-43BE-B9C2-DF80897691C7}.DVD-5|Any CPU.ActiveCfg = Debug|Any CPU
		{09B267C0-7707-43BE-B9C2-DF80897691C7}.DVD-5|Any CPU.Build.0 = Debug|Any CPU
		{09B267C0-7707-43BE-B9C2-DF80897691C7}.DVD-5|Mixed Platforms.ActiveCfg = Debug|Any CPU
		{09B267C0-7707-43BE-B9C2-DF80897691C7}.DVD-5|Mixed Platforms.Build.0 = Debug|Any CPU
		{09B267C0-7707-43BE-B9C2-DF80897691C7}.DVD-5|Win32.ActiveCfg = Debug|Any CPU
		{09B267C0-7707-43BE-B9C2-DF80897691C7}.DVD-5|x64.ActiveCfg = Debug|Any CPU
		{09B267C0-7707-43BE-B9C2-DF80897691C7}.DVD-5|x86.ActiveCfg = Debug|Any CPU
		{09B267C0-7707-43BE-B9C2-DF80897691C7}.Release|Any CPU.ActiveCfg = Release|Any CPU
		{09B267C0-7707-43BE-B9C2-DF80897691C7}.Release|Any CPU.Build.0 = Release|Any CPU
		{09B267C0-7707-43BE-B9C2-DF80897691C7}.Release|Mixed Platforms.ActiveCfg = Release|Any CPU
		{09B267C0-7707-43BE-B9C2-DF80897691C7}.Release|Mixed Platforms.Build.0 = Release|Any CPU
		{09B267C0-7707-43BE-B9C2-DF80897691C7}.Release|Win32.ActiveCfg = Release|Any CPU
		{09B267C0-7707-43BE-B9C2-DF80897691C7}.Release|x64.ActiveCfg = Release|Any CPU
		{09B267C0-7707-43BE-B9C2-DF80897691C7}.Release|x86.ActiveCfg = Release|Any CPU
		{09B267C0-7707-43BE-B9C2-DF80897691C7}.SingleImage|Any CPU.ActiveCfg = Debug|Any CPU
		{09B267C0-7707-43BE-B9C2-DF80897691C7}.SingleImage|Any CPU.Build.0 = Debug|Any CPU
		{09B267C0-7707-43BE-B9C2-DF80897691C7}.SingleImage|Mixed Platforms.ActiveCfg = Debug|Any CPU
		{09B267C0-7707-43BE-B9C2-DF80897691C7}.SingleImage|Mixed Platforms.Build.0 = Debug|Any CPU
		{09B267C0-7707-43BE-B9C2-DF80897691C7}.SingleImage|Win32.ActiveCfg = Debug|Any CPU
		{09B267C0-7707-43BE-B9C2-DF80897691C7}.SingleImage|x64.ActiveCfg = Debug|Any CPU
		{09B267C0-7707-43BE-B9C2-DF80897691C7}.SingleImage|x86.ActiveCfg = Debug|Any CPU
		{09B267C0-7707-43BE-B9C2-DF80897691C7}.Win7 Debug|Any CPU.ActiveCfg = Debug|Any CPU
		{09B267C0-7707-43BE-B9C2-DF80897691C7}.Win7 Debug|Any CPU.Build.0 = Debug|Any CPU
		{09B267C0-7707-43BE-B9C2-DF80897691C7}.Win7 Debug|Mixed Platforms.ActiveCfg = Debug|Any CPU
		{09B267C0-7707-43BE-B9C2-DF80897691C7}.Win7 Debug|Mixed Platforms.Build.0 = Debug|Any CPU
		{09B267C0-7707-43BE-B9C2-DF80897691C7}.Win7 Debug|Win32.ActiveCfg = Debug|Any CPU
		{09B267C0-7707-43BE-B9C2-DF80897691C7}.Win7 Debug|x64.ActiveCfg = Debug|Any CPU
		{09B267C0-7707-43BE-B9C2-DF80897691C7}.Win7 Debug|x86.ActiveCfg = Debug|Any CPU
		{09B267C0-7707-43BE-B9C2-DF80897691C7}.Win7 Release|Any CPU.ActiveCfg = Release|Any CPU
		{09B267C0-7707-43BE-B9C2-DF80897691C7}.Win7 Release|Any CPU.Build.0 = Release|Any CPU
		{09B267C0-7707-43BE-B9C2-DF80897691C7}.Win7 Release|Mixed Platforms.ActiveCfg = Release|Any CPU
		{09B267C0-7707-43BE-B9C2-DF80897691C7}.Win7 Release|Mixed Platforms.Build.0 = Release|Any CPU
		{09B267C0-7707-43BE-B9C2-DF80897691C7}.Win7 Release|Win32.ActiveCfg = Release|Any CPU
		{09B267C0-7707-43BE-B9C2-DF80897691C7}.Win7 Release|x64.ActiveCfg = Release|Any CPU
		{09B267C0-7707-43BE-B9C2-DF80897691C7}.Win7 Release|x86.ActiveCfg = Release|Any CPU
		{09B267C0-7707-43BE-B9C2-DF80897691C7}.Win8 Debug|Any CPU.ActiveCfg = Debug|Any CPU
		{09B267C0-7707-43BE-B9C2-DF80897691C7}.Win8 Debug|Any CPU.Build.0 = Debug|Any CPU
		{09B267C0-7707-43BE-B9C2-DF80897691C7}.Win8 Debug|Mixed Platforms.ActiveCfg = Debug|Any CPU
		{09B267C0-7707-43BE-B9C2-DF80897691C7}.Win8 Debug|Mixed Platforms.Build.0 = Debug|Any CPU
		{09B267C0-7707-43BE-B9C2-DF80897691C7}.Win8 Debug|Win32.ActiveCfg = Debug|Any CPU
		{09B267C0-7707-43BE-B9C2-DF80897691C7}.Win8 Debug|x64.ActiveCfg = Debug|Any CPU
		{09B267C0-7707-43BE-B9C2-DF80897691C7}.Win8 Debug|x86.ActiveCfg = Debug|Any CPU
		{09B267C0-7707-43BE-B9C2-DF80897691C7}.Win8 Release|Any CPU.ActiveCfg = Release|Any CPU
		{09B267C0-7707-43BE-B9C2-DF80897691C7}.Win8 Release|Any CPU.Build.0 = Release|Any CPU
		{09B267C0-7707-43BE-B9C2-DF80897691C7}.Win8 Release|Mixed Platforms.ActiveCfg = Release|Any CPU
		{09B267C0-7707-43BE-B9C2-DF80897691C7}.Win8 Release|Mixed Platforms.Build.0 = Release|Any CPU
		{09B267C0-7707-43BE-B9C2-DF80897691C7}.Win8 Release|Win32.ActiveCfg = Release|Any CPU
		{09B267C0-7707-43BE-B9C2-DF80897691C7}.Win8 Release|x64.ActiveCfg = Release|Any CPU
		{09B267C0-7707-43BE-B9C2-DF80897691C7}.Win8 Release|x86.ActiveCfg = Release|Any CPU
		{09B267C0-7707-43BE-B9C2-DF80897691C7}.Win8.1 Debug|Any CPU.ActiveCfg = Debug|Any CPU
		{09B267C0-7707-43BE-B9C2-DF80897691C7}.Win8.1 Debug|Any CPU.Build.0 = Debug|Any CPU
		{09B267C0-7707-43BE-B9C2-DF80897691C7}.Win8.1 Debug|Mixed Platforms.ActiveCfg = Debug|Any CPU
		{09B267C0-7707-43BE-B9C2-DF80897691C7}.Win8.1 Debug|Mixed Platforms.Build.0 = Debug|Any CPU
		{09B267C0-7707-43BE-B9C2-DF80897691C7}.Win8.1 Debug|Win32.ActiveCfg = Debug|Any CPU
		{09B267C0-7707-43BE-B9C2-DF80897691C7}.Win8.1 Debug|x64.ActiveCfg = Debug|Any CPU
		{09B267C0-7707-43BE-B9C2-DF80897691C7}.Win8.1 Debug|x86.ActiveCfg = Debug|Any CPU
		{09B267C0-7707-43BE-B9C2-DF80897691C7}.Win8.1 Release|Any CPU.ActiveCfg = Release|Any CPU
		{09B267C0-7707-43BE-B9C2-DF80897691C7}.Win8.1 Release|Any CPU.Build.0 = Release|Any CPU
		{09B267C0-7707-43BE-B9C2-DF80897691C7}.Win8.1 Release|Mixed Platforms.ActiveCfg = Release|Any CPU
		{09B267C0-7707-43BE-B9C2-DF80897691C7}.Win8.1 Release|Mixed Platforms.Build.0 = Release|Any CPU
		{09B267C0-7707-43BE-B9C2-DF80897691C7}.Win8.1 Release|Win32.ActiveCfg = Release|Any CPU
		{09B267C0-7707-43BE-B9C2-DF80897691C7}.Win8.1 Release|x64.ActiveCfg = Release|Any CPU
		{09B267C0-7707-43BE-B9C2-DF80897691C7}.Win8.1 Release|x86.ActiveCfg = Release|Any CPU
		{8DB8B173-81DD-42B9-B98F-4CE8218D8066}.CD_ROM|Any CPU.ActiveCfg = Release|Any CPU
		{8DB8B173-81DD-42B9-B98F-4CE8218D8066}.CD_ROM|Any CPU.Build.0 = Release|Any CPU
		{8DB8B173-81DD-42B9-B98F-4CE8218D8066}.CD_ROM|Mixed Platforms.ActiveCfg = Release|Any CPU
		{8DB8B173-81DD-42B9-B98F-4CE8218D8066}.CD_ROM|Mixed Platforms.Build.0 = Release|Any CPU
		{8DB8B173-81DD-42B9-B98F-4CE8218D8066}.CD_ROM|Win32.ActiveCfg = Release|Any CPU
		{8DB8B173-81DD-42B9-B98F-4CE8218D8066}.CD_ROM|x64.ActiveCfg = Release|Any CPU
		{8DB8B173-81DD-42B9-B98F-4CE8218D8066}.CD_ROM|x86.ActiveCfg = Release|Any CPU
		{8DB8B173-81DD-42B9-B98F-4CE8218D8066}.CodeAnalysis|Any CPU.ActiveCfg = Release|Any CPU
		{8DB8B173-81DD-42B9-B98F-4CE8218D8066}.CodeAnalysis|Any CPU.Build.0 = Release|Any CPU
		{8DB8B173-81DD-42B9-B98F-4CE8218D8066}.CodeAnalysis|Mixed Platforms.ActiveCfg = Release|Any CPU
		{8DB8B173-81DD-42B9-B98F-4CE8218D8066}.CodeAnalysis|Mixed Platforms.Build.0 = Release|Any CPU
		{8DB8B173-81DD-42B9-B98F-4CE8218D8066}.CodeAnalysis|Win32.ActiveCfg = Release|Any CPU
		{8DB8B173-81DD-42B9-B98F-4CE8218D8066}.CodeAnalysis|x64.ActiveCfg = Release|Any CPU
		{8DB8B173-81DD-42B9-B98F-4CE8218D8066}.CodeAnalysis|x86.ActiveCfg = Release|Any CPU
		{8DB8B173-81DD-42B9-B98F-4CE8218D8066}.Debug|Any CPU.ActiveCfg = Debug|Any CPU
		{8DB8B173-81DD-42B9-B98F-4CE8218D8066}.Debug|Any CPU.Build.0 = Debug|Any CPU
		{8DB8B173-81DD-42B9-B98F-4CE8218D8066}.Debug|Mixed Platforms.ActiveCfg = Debug|Any CPU
		{8DB8B173-81DD-42B9-B98F-4CE8218D8066}.Debug|Mixed Platforms.Build.0 = Debug|Any CPU
		{8DB8B173-81DD-42B9-B98F-4CE8218D8066}.Debug|Win32.ActiveCfg = Debug|Any CPU
		{8DB8B173-81DD-42B9-B98F-4CE8218D8066}.Debug|x64.ActiveCfg = Debug|Any CPU
		{8DB8B173-81DD-42B9-B98F-4CE8218D8066}.Debug|x86.ActiveCfg = Debug|Any CPU
		{8DB8B173-81DD-42B9-B98F-4CE8218D8066}.DVD-5|Any CPU.ActiveCfg = Debug|Any CPU
		{8DB8B173-81DD-42B9-B98F-4CE8218D8066}.DVD-5|Any CPU.Build.0 = Debug|Any CPU
		{8DB8B173-81DD-42B9-B98F-4CE8218D8066}.DVD-5|Mixed Platforms.ActiveCfg = Debug|Any CPU
		{8DB8B173-81DD-42B9-B98F-4CE8218D8066}.DVD-5|Mixed Platforms.Build.0 = Debug|Any CPU
		{8DB8B173-81DD-42B9-B98F-4CE8218D8066}.DVD-5|Win32.ActiveCfg = Debug|Any CPU
		{8DB8B173-81DD-42B9-B98F-4CE8218D8066}.DVD-5|x64.ActiveCfg = Debug|Any CPU
		{8DB8B173-81DD-42B9-B98F-4CE8218D8066}.DVD-5|x86.ActiveCfg = Debug|Any CPU
		{8DB8B173-81DD-42B9-B98F-4CE8218D8066}.Release|Any CPU.ActiveCfg = Release|Any CPU
		{8DB8B173-81DD-42B9-B98F-4CE8218D8066}.Release|Any CPU.Build.0 = Release|Any CPU
		{8DB8B173-81DD-42B9-B98F-4CE8218D8066}.Release|Mixed Platforms.ActiveCfg = Release|Any CPU
		{8DB8B173-81DD-42B9-B98F-4CE8218D8066}.Release|Mixed Platforms.Build.0 = Release|Any CPU
		{8DB8B173-81DD-42B9-B98F-4CE8218D8066}.Release|Win32.ActiveCfg = Release|Any CPU
		{8DB8B173-81DD-42B9-B98F-4CE8218D8066}.Release|x64.ActiveCfg = Release|Any CPU
		{8DB8B173-81DD-42B9-B98F-4CE8218D8066}.Release|x86.ActiveCfg = Release|Any CPU
		{8DB8B173-81DD-42B9-B98F-4CE8218D8066}.SingleImage|Any CPU.ActiveCfg = Release|Any CPU
		{8DB8B173-81DD-42B9-B98F-4CE8218D8066}.SingleImage|Any CPU.Build.0 = Release|Any CPU
		{8DB8B173-81DD-42B9-B98F-4CE8218D8066}.SingleImage|Mixed Platforms.ActiveCfg = Release|Any CPU
		{8DB8B173-81DD-42B9-B98F-4CE8218D8066}.SingleImage|Mixed Platforms.Build.0 = Release|Any CPU
		{8DB8B173-81DD-42B9-B98F-4CE8218D8066}.SingleImage|Win32.ActiveCfg = Release|Any CPU
		{8DB8B173-81DD-42B9-B98F-4CE8218D8066}.SingleImage|x64.ActiveCfg = Release|Any CPU
		{8DB8B173-81DD-42B9-B98F-4CE8218D8066}.SingleImage|x86.ActiveCfg = Release|Any CPU
		{8DB8B173-81DD-42B9-B98F-4CE8218D8066}.Win7 Debug|Any CPU.ActiveCfg = Debug|Any CPU
		{8DB8B173-81DD-42B9-B98F-4CE8218D8066}.Win7 Debug|Any CPU.Build.0 = Debug|Any CPU
		{8DB8B173-81DD-42B9-B98F-4CE8218D8066}.Win7 Debug|Mixed Platforms.ActiveCfg = Debug|Any CPU
		{8DB8B173-81DD-42B9-B98F-4CE8218D8066}.Win7 Debug|Mixed Platforms.Build.0 = Debug|Any CPU
		{8DB8B173-81DD-42B9-B98F-4CE8218D8066}.Win7 Debug|Win32.ActiveCfg = Debug|Any CPU
		{8DB8B173-81DD-42B9-B98F-4CE8218D8066}.Win7 Debug|x64.ActiveCfg = Debug|Any CPU
		{8DB8B173-81DD-42B9-B98F-4CE8218D8066}.Win7 Debug|x86.ActiveCfg = Debug|Any CPU
		{8DB8B173-81DD-42B9-B98F-4CE8218D8066}.Win7 Release|Any CPU.ActiveCfg = Release|Any CPU
		{8DB8B173-81DD-42B9-B98F-4CE8218D8066}.Win7 Release|Any CPU.Build.0 = Release|Any CPU
		{8DB8B173-81DD-42B9-B98F-4CE8218D8066}.Win7 Release|Mixed Platforms.ActiveCfg = Release|Any CPU
		{8DB8B173-81DD-42B9-B98F-4CE8218D8066}.Win7 Release|Mixed Platforms.Build.0 = Release|Any CPU
		{8DB8B173-81DD-42B9-B98F-4CE8218D8066}.Win7 Release|Win32.ActiveCfg = Release|Any CPU
		{8DB8B173-81DD-42B9-B98F-4CE8218D8066}.Win7 Release|x64.ActiveCfg = Release|Any CPU
		{8DB8B173-81DD-42B9-B98F-4CE8218D8066}.Win7 Release|x86.ActiveCfg = Release|Any CPU
		{8DB8B173-81DD-42B9-B98F-4CE8218D8066}.Win8 Debug|Any CPU.ActiveCfg = Debug|Any CPU
		{8DB8B173-81DD-42B9-B98F-4CE8218D8066}.Win8 Debug|Any CPU.Build.0 = Debug|Any CPU
		{8DB8B173-81DD-42B9-B98F-4CE8218D8066}.Win8 Debug|Mixed Platforms.ActiveCfg = Debug|Any CPU
		{8DB8B173-81DD-42B9-B98F-4CE8218D8066}.Win8 Debug|Mixed Platforms.Build.0 = Debug|Any CPU
		{8DB8B173-81DD-42B9-B98F-4CE8218D8066}.Win8 Debug|Win32.ActiveCfg = Debug|Any CPU
		{8DB8B173-81DD-42B9-B98F-4CE8218D8066}.Win8 Debug|x64.ActiveCfg = Debug|Any CPU
		{8DB8B173-81DD-42B9-B98F-4CE8218D8066}.Win8 Debug|x86.ActiveCfg = Debug|Any CPU
		{8DB8B173-81DD-42B9-B98F-4CE8218D8066}.Win8 Release|Any CPU.ActiveCfg = Release|Any CPU
		{8DB8B173-81DD-42B9-B98F-4CE8218D8066}.Win8 Release|Any CPU.Build.0 = Release|Any CPU
		{8DB8B173-81DD-42B9-B98F-4CE8218D8066}.Win8 Release|Mixed Platforms.ActiveCfg = Release|Any CPU
		{8DB8B173-81DD-42B9-B98F-4CE8218D8066}.Win8 Release|Mixed Platforms.Build.0 = Release|Any CPU
		{8DB8B173-81DD-42B9-B98F-4CE8218D8066}.Win8 Release|Win32.ActiveCfg = Release|Any CPU
		{8DB8B173-81DD-42B9-B98F-4CE8218D8066}.Win8 Release|x64.ActiveCfg = Release|Any CPU
		{8DB8B173-81DD-42B9-B98F-4CE8218D8066}.Win8 Release|x86.ActiveCfg = Release|Any CPU
		{8DB8B173-81DD-42B9-B98F-4CE8218D8066}.Win8.1 Debug|Any CPU.ActiveCfg = Debug|Any CPU
		{8DB8B173-81DD-42B9-B98F-4CE8218D8066}.Win8.1 Debug|Any CPU.Build.0 = Debug|Any CPU
		{8DB8B173-81DD-42B9-B98F-4CE8218D8066}.Win8.1 Debug|Mixed Platforms.ActiveCfg = Debug|Any CPU
		{8DB8B173-81DD-42B9-B98F-4CE8218D8066}.Win8.1 Debug|Mixed Platforms.Build.0 = Debug|Any CPU
		{8DB8B173-81DD-42B9-B98F-4CE8218D8066}.Win8.1 Debug|Win32.ActiveCfg = Debug|Any CPU
		{8DB8B173-81DD-42B9-B98F-4CE8218D8066}.Win8.1 Debug|x64.ActiveCfg = Debug|Any CPU
		{8DB8B173-81DD-42B9-B98F-4CE8218D8066}.Win8.1 Debug|x86.ActiveCfg = Debug|Any CPU
		{8DB8B173-81DD-42B9-B98F-4CE8218D8066}.Win8.1 Release|Any CPU.ActiveCfg = Release|Any CPU
		{8DB8B173-81DD-42B9-B98F-4CE8218D8066}.Win8.1 Release|Any CPU.Build.0 = Release|Any CPU
		{8DB8B173-81DD-42B9-B98F-4CE8218D8066}.Win8.1 Release|Mixed Platforms.ActiveCfg = Release|Any CPU
		{8DB8B173-81DD-42B9-B98F-4CE8218D8066}.Win8.1 Release|Mixed Platforms.Build.0 = Release|Any CPU
		{8DB8B173-81DD-42B9-B98F-4CE8218D8066}.Win8.1 Release|Win32.ActiveCfg = Release|Any CPU
		{8DB8B173-81DD-42B9-B98F-4CE8218D8066}.Win8.1 Release|x64.ActiveCfg = Release|Any CPU
		{8DB8B173-81DD-42B9-B98F-4CE8218D8066}.Win8.1 Release|x86.ActiveCfg = Release|Any CPU
		{599494B1-8D7F-44DF-9D70-F0E2B8D118F0}.CD_ROM|Any CPU.ActiveCfg = Release|Any CPU
		{599494B1-8D7F-44DF-9D70-F0E2B8D118F0}.CD_ROM|Any CPU.Build.0 = Release|Any CPU
		{599494B1-8D7F-44DF-9D70-F0E2B8D118F0}.CD_ROM|Mixed Platforms.ActiveCfg = Release|Any CPU
		{599494B1-8D7F-44DF-9D70-F0E2B8D118F0}.CD_ROM|Mixed Platforms.Build.0 = Release|Any CPU
		{599494B1-8D7F-44DF-9D70-F0E2B8D118F0}.CD_ROM|Win32.ActiveCfg = Release|Any CPU
		{599494B1-8D7F-44DF-9D70-F0E2B8D118F0}.CD_ROM|x64.ActiveCfg = Release|Any CPU
		{599494B1-8D7F-44DF-9D70-F0E2B8D118F0}.CD_ROM|x86.ActiveCfg = Release|Any CPU
		{599494B1-8D7F-44DF-9D70-F0E2B8D118F0}.CodeAnalysis|Any CPU.ActiveCfg = Release|Any CPU
		{599494B1-8D7F-44DF-9D70-F0E2B8D118F0}.CodeAnalysis|Any CPU.Build.0 = Release|Any CPU
		{599494B1-8D7F-44DF-9D70-F0E2B8D118F0}.CodeAnalysis|Mixed Platforms.ActiveCfg = Release|Any CPU
		{599494B1-8D7F-44DF-9D70-F0E2B8D118F0}.CodeAnalysis|Mixed Platforms.Build.0 = Release|Any CPU
		{599494B1-8D7F-44DF-9D70-F0E2B8D118F0}.CodeAnalysis|Win32.ActiveCfg = Release|Any CPU
		{599494B1-8D7F-44DF-9D70-F0E2B8D118F0}.CodeAnalysis|x64.ActiveCfg = Release|Any CPU
		{599494B1-8D7F-44DF-9D70-F0E2B8D118F0}.CodeAnalysis|x86.ActiveCfg = Release|Any CPU
		{599494B1-8D7F-44DF-9D70-F0E2B8D118F0}.Debug|Any CPU.ActiveCfg = Debug|Any CPU
		{599494B1-8D7F-44DF-9D70-F0E2B8D118F0}.Debug|Any CPU.Build.0 = Debug|Any CPU
		{599494B1-8D7F-44DF-9D70-F0E2B8D118F0}.Debug|Mixed Platforms.ActiveCfg = Debug|Any CPU
		{599494B1-8D7F-44DF-9D70-F0E2B8D118F0}.Debug|Mixed Platforms.Build.0 = Debug|Any CPU
		{599494B1-8D7F-44DF-9D70-F0E2B8D118F0}.Debug|Win32.ActiveCfg = Debug|Any CPU
		{599494B1-8D7F-44DF-9D70-F0E2B8D118F0}.Debug|x64.ActiveCfg = Debug|Any CPU
		{599494B1-8D7F-44DF-9D70-F0E2B8D118F0}.Debug|x86.ActiveCfg = Debug|Any CPU
		{599494B1-8D7F-44DF-9D70-F0E2B8D118F0}.DVD-5|Any CPU.ActiveCfg = Debug|Any CPU
		{599494B1-8D7F-44DF-9D70-F0E2B8D118F0}.DVD-5|Any CPU.Build.0 = Debug|Any CPU
		{599494B1-8D7F-44DF-9D70-F0E2B8D118F0}.DVD-5|Mixed Platforms.ActiveCfg = Debug|Any CPU
		{599494B1-8D7F-44DF-9D70-F0E2B8D118F0}.DVD-5|Mixed Platforms.Build.0 = Debug|Any CPU
		{599494B1-8D7F-44DF-9D70-F0E2B8D118F0}.DVD-5|Win32.ActiveCfg = Debug|Any CPU
		{599494B1-8D7F-44DF-9D70-F0E2B8D118F0}.DVD-5|x64.ActiveCfg = Debug|Any CPU
		{599494B1-8D7F-44DF-9D70-F0E2B8D118F0}.DVD-5|x86.ActiveCfg = Debug|Any CPU
		{599494B1-8D7F-44DF-9D70-F0E2B8D118F0}.Release|Any CPU.ActiveCfg = Release|Any CPU
		{599494B1-8D7F-44DF-9D70-F0E2B8D118F0}.Release|Any CPU.Build.0 = Release|Any CPU
		{599494B1-8D7F-44DF-9D70-F0E2B8D118F0}.Release|Mixed Platforms.ActiveCfg = Release|Any CPU
		{599494B1-8D7F-44DF-9D70-F0E2B8D118F0}.Release|Mixed Platforms.Build.0 = Release|Any CPU
		{599494B1-8D7F-44DF-9D70-F0E2B8D118F0}.Release|Win32.ActiveCfg = Release|Any CPU
		{599494B1-8D7F-44DF-9D70-F0E2B8D118F0}.Release|x64.ActiveCfg = Release|Any CPU
		{599494B1-8D7F-44DF-9D70-F0E2B8D118F0}.Release|x86.ActiveCfg = Release|Any CPU
		{599494B1-8D7F-44DF-9D70-F0E2B8D118F0}.SingleImage|Any CPU.ActiveCfg = Release|Any CPU
		{599494B1-8D7F-44DF-9D70-F0E2B8D118F0}.SingleImage|Any CPU.Build.0 = Release|Any CPU
		{599494B1-8D7F-44DF-9D70-F0E2B8D118F0}.SingleImage|Mixed Platforms.ActiveCfg = Release|Any CPU
		{599494B1-8D7F-44DF-9D70-F0E2B8D118F0}.SingleImage|Mixed Platforms.Build.0 = Release|Any CPU
		{599494B1-8D7F-44DF-9D70-F0E2B8D118F0}.SingleImage|Win32.ActiveCfg = Release|Any CPU
		{599494B1-8D7F-44DF-9D70-F0E2B8D118F0}.SingleImage|x64.ActiveCfg = Release|Any CPU
		{599494B1-8D7F-44DF-9D70-F0E2B8D118F0}.SingleImage|x86.ActiveCfg = Release|Any CPU
		{599494B1-8D7F-44DF-9D70-F0E2B8D118F0}.Win7 Debug|Any CPU.ActiveCfg = Debug|Any CPU
		{599494B1-8D7F-44DF-9D70-F0E2B8D118F0}.Win7 Debug|Any CPU.Build.0 = Debug|Any CPU
		{599494B1-8D7F-44DF-9D70-F0E2B8D118F0}.Win7 Debug|Mixed Platforms.ActiveCfg = Debug|Any CPU
		{599494B1-8D7F-44DF-9D70-F0E2B8D118F0}.Win7 Debug|Mixed Platforms.Build.0 = Debug|Any CPU
		{599494B1-8D7F-44DF-9D70-F0E2B8D118F0}.Win7 Debug|Win32.ActiveCfg = Debug|Any CPU
		{599494B1-8D7F-44DF-9D70-F0E2B8D118F0}.Win7 Debug|x64.ActiveCfg = Debug|Any CPU
		{599494B1-8D7F-44DF-9D70-F0E2B8D118F0}.Win7 Debug|x86.ActiveCfg = Debug|Any CPU
		{599494B1-8D7F-44DF-9D70-F0E2B8D118F0}.Win7 Release|Any CPU.ActiveCfg = Release|Any CPU
		{599494B1-8D7F-44DF-9D70-F0E2B8D118F0}.Win7 Release|Any CPU.Build.0 = Release|Any CPU
		{599494B1-8D7F-44DF-9D70-F0E2B8D118F0}.Win7 Release|Mixed Platforms.ActiveCfg = Release|Any CPU
		{599494B1-8D7F-44DF-9D70-F0E2B8D118F0}.Win7 Release|Mixed Platforms.Build.0 = Release|Any CPU
		{599494B1-8D7F-44DF-9D70-F0E2B8D118F0}.Win7 Release|Win32.ActiveCfg = Release|Any CPU
		{599494B1-8D7F-44DF-9D70-F0E2B8D118F0}.Win7 Release|x64.ActiveCfg = Release|Any CPU
		{599494B1-8D7F-44DF-9D70-F0E2B8D118F0}.Win7 Release|x86.ActiveCfg = Release|Any CPU
		{599494B1-8D7F-44DF-9D70-F0E2B8D118F0}.Win8 Debug|Any CPU.ActiveCfg = Debug|Any CPU
		{599494B1-8D7F-44DF-9D70-F0E2B8D118F0}.Win8 Debug|Any CPU.Build.0 = Debug|Any CPU
		{599494B1-8D7F-44DF-9D70-F0E2B8D118F0}.Win8 Debug|Mixed Platforms.ActiveCfg = Debug|Any CPU
		{599494B1-8D7F-44DF-9D70-F0E2B8D118F0}.Win8 Debug|Mixed Platforms.Build.0 = Debug|Any CPU
		{599494B1-8D7F-44DF-9D70-F0E2B8D118F0}.Win8 Debug|Win32.ActiveCfg = Debug|Any CPU
		{599494B1-8D7F-44DF-9D70-F0E2B8D118F0}.Win8 Debug|x64.ActiveCfg = Debug|Any CPU
		{599494B1-8D7F-44DF-9D70-F0E2B8D118F0}.Win8 Debug|x86.ActiveCfg = Debug|Any CPU
		{599494B1-8D7F-44DF-9D70-F0E2B8D118F0}.Win8 Release|Any CPU.ActiveCfg = Release|Any CPU
		{599494B1-8D7F-44DF-9D70-F0E2B8D118F0}.Win8 Release|Any CPU.Build.0 = Release|Any CPU
		{599494B1-8D7F-44DF-9D70-F0E2B8D118F0}.Win8 Release|Mixed Platforms.ActiveCfg = Release|Any CPU
		{599494B1-8D7F-44DF-9D70-F0E2B8D118F0}.Win8 Release|Mixed Platforms.Build.0 = Release|Any CPU
		{599494B1-8D7F-44DF-9D70-F0E2B8D118F0}.Win8 Release|Win32.ActiveCfg = Release|Any CPU
		{599494B1-8D7F-44DF-9D70-F0E2B8D118F0}.Win8 Release|x64.ActiveCfg = Release|Any CPU
		{599494B1-8D7F-44DF-9D70-F0E2B8D118F0}.Win8 Release|x86.ActiveCfg = Release|Any CPU
		{599494B1-8D7F-44DF-9D70-F0E2B8D118F0}.Win8.1 Debug|Any CPU.ActiveCfg = Debug|Any CPU
		{599494B1-8D7F-44DF-9D70-F0E2B8D118F0}.Win8.1 Debug|Any CPU.Build.0 = Debug|Any CPU
		{599494B1-8D7F-44DF-9D70-F0E2B8D118F0}.Win8.1 Debug|Mixed Platforms.ActiveCfg = Debug|Any CPU
		{599494B1-8D7F-44DF-9D70-F0E2B8D118F0}.Win8.1 Debug|Mixed Platforms.Build.0 = Debug|Any CPU
		{599494B1-8D7F-44DF-9D70-F0E2B8D118F0}.Win8.1 Debug|Win32.ActiveCfg = Debug|Any CPU
		{599494B1-8D7F-44DF-9D70-F0E2B8D118F0}.Win8.1 Debug|x64.ActiveCfg = Debug|Any CPU
		{599494B1-8D7F-44DF-9D70-F0E2B8D118F0}.Win8.1 Debug|x86.ActiveCfg = Debug|Any CPU
		{599494B1-8D7F-44DF-9D70-F0E2B8D118F0}.Win8.1 Release|Any CPU.ActiveCfg = Release|Any CPU
		{599494B1-8D7F-44DF-9D70-F0E2B8D118F0}.Win8.1 Release|Any CPU.Build.0 = Release|Any CPU
		{599494B1-8D7F-44DF-9D70-F0E2B8D118F0}.Win8.1 Release|Mixed Platforms.ActiveCfg = Release|Any CPU
		{599494B1-8D7F-44DF-9D70-F0E2B8D118F0}.Win8.1 Release|Mixed Platforms.Build.0 = Release|Any CPU
		{599494B1-8D7F-44DF-9D70-F0E2B8D118F0}.Win8.1 Release|Win32.ActiveCfg = Release|Any CPU
		{599494B1-8D7F-44DF-9D70-F0E2B8D118F0}.Win8.1 Release|x64.ActiveCfg = Release|Any CPU
		{599494B1-8D7F-44DF-9D70-F0E2B8D118F0}.Win8.1 Release|x86.ActiveCfg = Release|Any CPU
		{EBD429ED-9168-4497-AE09-EF1DBEAA2186}.CD_ROM|Any CPU.ActiveCfg = Release|Any CPU
		{EBD429ED-9168-4497-AE09-EF1DBEAA2186}.CD_ROM|Any CPU.Build.0 = Release|Any CPU
		{EBD429ED-9168-4497-AE09-EF1DBEAA2186}.CD_ROM|Mixed Platforms.ActiveCfg = Release|Any CPU
		{EBD429ED-9168-4497-AE09-EF1DBEAA2186}.CD_ROM|Mixed Platforms.Build.0 = Release|Any CPU
		{EBD429ED-9168-4497-AE09-EF1DBEAA2186}.CD_ROM|Win32.ActiveCfg = Release|Any CPU
		{EBD429ED-9168-4497-AE09-EF1DBEAA2186}.CD_ROM|x64.ActiveCfg = Release|Any CPU
		{EBD429ED-9168-4497-AE09-EF1DBEAA2186}.CD_ROM|x86.ActiveCfg = Release|Any CPU
		{EBD429ED-9168-4497-AE09-EF1DBEAA2186}.CodeAnalysis|Any CPU.ActiveCfg = Release|Any CPU
		{EBD429ED-9168-4497-AE09-EF1DBEAA2186}.CodeAnalysis|Any CPU.Build.0 = Release|Any CPU
		{EBD429ED-9168-4497-AE09-EF1DBEAA2186}.CodeAnalysis|Mixed Platforms.ActiveCfg = Release|Any CPU
		{EBD429ED-9168-4497-AE09-EF1DBEAA2186}.CodeAnalysis|Mixed Platforms.Build.0 = Release|Any CPU
		{EBD429ED-9168-4497-AE09-EF1DBEAA2186}.CodeAnalysis|Win32.ActiveCfg = Release|Any CPU
		{EBD429ED-9168-4497-AE09-EF1DBEAA2186}.CodeAnalysis|x64.ActiveCfg = Release|Any CPU
		{EBD429ED-9168-4497-AE09-EF1DBEAA2186}.CodeAnalysis|x86.ActiveCfg = Release|Any CPU
		{EBD429ED-9168-4497-AE09-EF1DBEAA2186}.Debug|Any CPU.ActiveCfg = Debug|Any CPU
		{EBD429ED-9168-4497-AE09-EF1DBEAA2186}.Debug|Any CPU.Build.0 = Debug|Any CPU
		{EBD429ED-9168-4497-AE09-EF1DBEAA2186}.Debug|Mixed Platforms.ActiveCfg = Debug|Any CPU
		{EBD429ED-9168-4497-AE09-EF1DBEAA2186}.Debug|Mixed Platforms.Build.0 = Debug|Any CPU
		{EBD429ED-9168-4497-AE09-EF1DBEAA2186}.Debug|Win32.ActiveCfg = Debug|Any CPU
		{EBD429ED-9168-4497-AE09-EF1DBEAA2186}.Debug|x64.ActiveCfg = Debug|Any CPU
		{EBD429ED-9168-4497-AE09-EF1DBEAA2186}.Debug|x86.ActiveCfg = Debug|Any CPU
		{EBD429ED-9168-4497-AE09-EF1DBEAA2186}.DVD-5|Any CPU.ActiveCfg = Debug|Any CPU
		{EBD429ED-9168-4497-AE09-EF1DBEAA2186}.DVD-5|Any CPU.Build.0 = Debug|Any CPU
		{EBD429ED-9168-4497-AE09-EF1DBEAA2186}.DVD-5|Mixed Platforms.ActiveCfg = Debug|Any CPU
		{EBD429ED-9168-4497-AE09-EF1DBEAA2186}.DVD-5|Mixed Platforms.Build.0 = Debug|Any CPU
		{EBD429ED-9168-4497-AE09-EF1DBEAA2186}.DVD-5|Win32.ActiveCfg = Debug|Any CPU
		{EBD429ED-9168-4497-AE09-EF1DBEAA2186}.DVD-5|x64.ActiveCfg = Debug|Any CPU
		{EBD429ED-9168-4497-AE09-EF1DBEAA2186}.DVD-5|x86.ActiveCfg = Debug|Any CPU
		{EBD429ED-9168-4497-AE09-EF1DBEAA2186}.Release|Any CPU.ActiveCfg = Release|Any CPU
		{EBD429ED-9168-4497-AE09-EF1DBEAA2186}.Release|Any CPU.Build.0 = Release|Any CPU
		{EBD429ED-9168-4497-AE09-EF1DBEAA2186}.Release|Mixed Platforms.ActiveCfg = Release|Any CPU
		{EBD429ED-9168-4497-AE09-EF1DBEAA2186}.Release|Mixed Platforms.Build.0 = Release|Any CPU
		{EBD429ED-9168-4497-AE09-EF1DBEAA2186}.Release|Win32.ActiveCfg = Release|Any CPU
		{EBD429ED-9168-4497-AE09-EF1DBEAA2186}.Release|x64.ActiveCfg = Release|Any CPU
		{EBD429ED-9168-4497-AE09-EF1DBEAA2186}.Release|x86.ActiveCfg = Release|Any CPU
		{EBD429ED-9168-4497-AE09-EF1DBEAA2186}.SingleImage|Any CPU.ActiveCfg = Release|Any CPU
		{EBD429ED-9168-4497-AE09-EF1DBEAA2186}.SingleImage|Any CPU.Build.0 = Release|Any CPU
		{EBD429ED-9168-4497-AE09-EF1DBEAA2186}.SingleImage|Mixed Platforms.ActiveCfg = Release|Any CPU
		{EBD429ED-9168-4497-AE09-EF1DBEAA2186}.SingleImage|Mixed Platforms.Build.0 = Release|Any CPU
		{EBD429ED-9168-4497-AE09-EF1DBEAA2186}.SingleImage|Win32.ActiveCfg = Release|Any CPU
		{EBD429ED-9168-4497-AE09-EF1DBEAA2186}.SingleImage|x64.ActiveCfg = Release|Any CPU
		{EBD429ED-9168-4497-AE09-EF1DBEAA2186}.SingleImage|x86.ActiveCfg = Release|Any CPU
		{EBD429ED-9168-4497-AE09-EF1DBEAA2186}.Win7 Debug|Any CPU.ActiveCfg = Debug|Any CPU
		{EBD429ED-9168-4497-AE09-EF1DBEAA2186}.Win7 Debug|Any CPU.Build.0 = Debug|Any CPU
		{EBD429ED-9168-4497-AE09-EF1DBEAA2186}.Win7 Debug|Mixed Platforms.ActiveCfg = Debug|Any CPU
		{EBD429ED-9168-4497-AE09-EF1DBEAA2186}.Win7 Debug|Mixed Platforms.Build.0 = Debug|Any CPU
		{EBD429ED-9168-4497-AE09-EF1DBEAA2186}.Win7 Debug|Win32.ActiveCfg = Debug|Any CPU
		{EBD429ED-9168-4497-AE09-EF1DBEAA2186}.Win7 Debug|x64.ActiveCfg = Debug|Any CPU
		{EBD429ED-9168-4497-AE09-EF1DBEAA2186}.Win7 Debug|x86.ActiveCfg = Debug|Any CPU
		{EBD429ED-9168-4497-AE09-EF1DBEAA2186}.Win7 Release|Any CPU.ActiveCfg = Release|Any CPU
		{EBD429ED-9168-4497-AE09-EF1DBEAA2186}.Win7 Release|Any CPU.Build.0 = Release|Any CPU
		{EBD429ED-9168-4497-AE09-EF1DBEAA2186}.Win7 Release|Mixed Platforms.ActiveCfg = Release|Any CPU
		{EBD429ED-9168-4497-AE09-EF1DBEAA2186}.Win7 Release|Mixed Platforms.Build.0 = Release|Any CPU
		{EBD429ED-9168-4497-AE09-EF1DBEAA2186}.Win7 Release|Win32.ActiveCfg = Release|Any CPU
		{EBD429ED-9168-4497-AE09-EF1DBEAA2186}.Win7 Release|x64.ActiveCfg = Release|Any CPU
		{EBD429ED-9168-4497-AE09-EF1DBEAA2186}.Win7 Release|x86.ActiveCfg = Release|Any CPU
		{EBD429ED-9168-4497-AE09-EF1DBEAA2186}.Win8 Debug|Any CPU.ActiveCfg = Debug|Any CPU
		{EBD429ED-9168-4497-AE09-EF1DBEAA2186}.Win8 Debug|Any CPU.Build.0 = Debug|Any CPU
		{EBD429ED-9168-4497-AE09-EF1DBEAA2186}.Win8 Debug|Mixed Platforms.ActiveCfg = Debug|Any CPU
		{EBD429ED-9168-4497-AE09-EF1DBEAA2186}.Win8 Debug|Mixed Platforms.Build.0 = Debug|Any CPU
		{EBD429ED-9168-4497-AE09-EF1DBEAA2186}.Win8 Debug|Win32.ActiveCfg = Debug|Any CPU
		{EBD429ED-9168-4497-AE09-EF1DBEAA2186}.Win8 Debug|x64.ActiveCfg = Debug|Any CPU
		{EBD429ED-9168-4497-AE09-EF1DBEAA2186}.Win8 Debug|x86.ActiveCfg = Debug|Any CPU
		{EBD429ED-9168-4497-AE09-EF1DBEAA2186}.Win8 Release|Any CPU.ActiveCfg = Release|Any CPU
		{EBD429ED-9168-4497-AE09-EF1DBEAA2186}.Win8 Release|Any CPU.Build.0 = Release|Any CPU
		{EBD429ED-9168-4497-AE09-EF1DBEAA2186}.Win8 Release|Mixed Platforms.ActiveCfg = Release|Any CPU
		{EBD429ED-9168-4497-AE09-EF1DBEAA2186}.Win8 Release|Mixed Platforms.Build.0 = Release|Any CPU
		{EBD429ED-9168-4497-AE09-EF1DBEAA2186}.Win8 Release|Win32.ActiveCfg = Release|Any CPU
		{EBD429ED-9168-4497-AE09-EF1DBEAA2186}.Win8 Release|x64.ActiveCfg = Release|Any CPU
		{EBD429ED-9168-4497-AE09-EF1DBEAA2186}.Win8 Release|x86.ActiveCfg = Release|Any CPU
		{EBD429ED-9168-4497-AE09-EF1DBEAA2186}.Win8.1 Debug|Any CPU.ActiveCfg = Debug|Any CPU
		{EBD429ED-9168-4497-AE09-EF1DBEAA2186}.Win8.1 Debug|Any CPU.Build.0 = Debug|Any CPU
		{EBD429ED-9168-4497-AE09-EF1DBEAA2186}.Win8.1 Debug|Mixed Platforms.ActiveCfg = Debug|Any CPU
		{EBD429ED-9168-4497-AE09-EF1DBEAA2186}.Win8.1 Debug|Mixed Platforms.Build.0 = Debug|Any CPU
		{EBD429ED-9168-4497-AE09-EF1DBEAA2186}.Win8.1 Debug|Win32.ActiveCfg = Debug|Any CPU
		{EBD429ED-9168-4497-AE09-EF1DBEAA2186}.Win8.1 Debug|x64.ActiveCfg = Debug|Any CPU
		{EBD429ED-9168-4497-AE09-EF1DBEAA2186}.Win8.1 Debug|x86.ActiveCfg = Debug|Any CPU
		{EBD429ED-9168-4497-AE09-EF1DBEAA2186}.Win8.1 Release|Any CPU.ActiveCfg = Release|Any CPU
		{EBD429ED-9168-4497-AE09-EF1DBEAA2186}.Win8.1 Release|Any CPU.Build.0 = Release|Any CPU
		{EBD429ED-9168-4497-AE09-EF1DBEAA2186}.Win8.1 Release|Mixed Platforms.ActiveCfg = Release|Any CPU
		{EBD429ED-9168-4497-AE09-EF1DBEAA2186}.Win8.1 Release|Mixed Platforms.Build.0 = Release|Any CPU
		{EBD429ED-9168-4497-AE09-EF1DBEAA2186}.Win8.1 Release|Win32.ActiveCfg = Release|Any CPU
		{EBD429ED-9168-4497-AE09-EF1DBEAA2186}.Win8.1 Release|x64.ActiveCfg = Release|Any CPU
		{EBD429ED-9168-4497-AE09-EF1DBEAA2186}.Win8.1 Release|x86.ActiveCfg = Release|Any CPU
		{3B14D7A6-12F9-4D81-8576-D91AAD3F7EA4}.CD_ROM|Any CPU.ActiveCfg = Release|Any CPU
		{3B14D7A6-12F9-4D81-8576-D91AAD3F7EA4}.CD_ROM|Any CPU.Build.0 = Release|Any CPU
		{3B14D7A6-12F9-4D81-8576-D91AAD3F7EA4}.CD_ROM|Mixed Platforms.ActiveCfg = Release|Any CPU
		{3B14D7A6-12F9-4D81-8576-D91AAD3F7EA4}.CD_ROM|Mixed Platforms.Build.0 = Release|Any CPU
		{3B14D7A6-12F9-4D81-8576-D91AAD3F7EA4}.CD_ROM|Win32.ActiveCfg = Release|Any CPU
		{3B14D7A6-12F9-4D81-8576-D91AAD3F7EA4}.CD_ROM|x64.ActiveCfg = Release|Any CPU
		{3B14D7A6-12F9-4D81-8576-D91AAD3F7EA4}.CD_ROM|x86.ActiveCfg = Release|Any CPU
		{3B14D7A6-12F9-4D81-8576-D91AAD3F7EA4}.CodeAnalysis|Any CPU.ActiveCfg = Release|Any CPU
		{3B14D7A6-12F9-4D81-8576-D91AAD3F7EA4}.CodeAnalysis|Any CPU.Build.0 = Release|Any CPU
		{3B14D7A6-12F9-4D81-8576-D91AAD3F7EA4}.CodeAnalysis|Mixed Platforms.ActiveCfg = Release|Any CPU
		{3B14D7A6-12F9-4D81-8576-D91AAD3F7EA4}.CodeAnalysis|Mixed Platforms.Build.0 = Release|Any CPU
		{3B14D7A6-12F9-4D81-8576-D91AAD3F7EA4}.CodeAnalysis|Win32.ActiveCfg = Release|Any CPU
		{3B14D7A6-12F9-4D81-8576-D91AAD3F7EA4}.CodeAnalysis|x64.ActiveCfg = Release|Any CPU
		{3B14D7A6-12F9-4D81-8576-D91AAD3F7EA4}.CodeAnalysis|x86.ActiveCfg = Release|Any CPU
		{3B14D7A6-12F9-4D81-8576-D91AAD3F7EA4}.Debug|Any CPU.ActiveCfg = Debug|Any CPU
		{3B14D7A6-12F9-4D81-8576-D91AAD3F7EA4}.Debug|Any CPU.Build.0 = Debug|Any CPU
		{3B14D7A6-12F9-4D81-8576-D91AAD3F7EA4}.Debug|Mixed Platforms.ActiveCfg = Debug|Any CPU
		{3B14D7A6-12F9-4D81-8576-D91AAD3F7EA4}.Debug|Mixed Platforms.Build.0 = Debug|Any CPU
		{3B14D7A6-12F9-4D81-8576-D91AAD3F7EA4}.Debug|Win32.ActiveCfg = Debug|Any CPU
		{3B14D7A6-12F9-4D81-8576-D91AAD3F7EA4}.Debug|x64.ActiveCfg = Debug|Any CPU
		{3B14D7A6-12F9-4D81-8576-D91AAD3F7EA4}.Debug|x86.ActiveCfg = Debug|Any CPU
		{3B14D7A6-12F9-4D81-8576-D91AAD3F7EA4}.DVD-5|Any CPU.ActiveCfg = Debug|Any CPU
		{3B14D7A6-12F9-4D81-8576-D91AAD3F7EA4}.DVD-5|Any CPU.Build.0 = Debug|Any CPU
		{3B14D7A6-12F9-4D81-8576-D91AAD3F7EA4}.DVD-5|Mixed Platforms.ActiveCfg = Debug|Any CPU
		{3B14D7A6-12F9-4D81-8576-D91AAD3F7EA4}.DVD-5|Mixed Platforms.Build.0 = Debug|Any CPU
		{3B14D7A6-12F9-4D81-8576-D91AAD3F7EA4}.DVD-5|Win32.ActiveCfg = Debug|Any CPU
		{3B14D7A6-12F9-4D81-8576-D91AAD3F7EA4}.DVD-5|x64.ActiveCfg = Debug|Any CPU
		{3B14D7A6-12F9-4D81-8576-D91AAD3F7EA4}.DVD-5|x86.ActiveCfg = Debug|Any CPU
		{3B14D7A6-12F9-4D81-8576-D91AAD3F7EA4}.Release|Any CPU.ActiveCfg = Release|Any CPU
		{3B14D7A6-12F9-4D81-8576-D91AAD3F7EA4}.Release|Any CPU.Build.0 = Release|Any CPU
		{3B14D7A6-12F9-4D81-8576-D91AAD3F7EA4}.Release|Mixed Platforms.ActiveCfg = Release|Any CPU
		{3B14D7A6-12F9-4D81-8576-D91AAD3F7EA4}.Release|Mixed Platforms.Build.0 = Release|Any CPU
		{3B14D7A6-12F9-4D81-8576-D91AAD3F7EA4}.Release|Win32.ActiveCfg = Release|Any CPU
		{3B14D7A6-12F9-4D81-8576-D91AAD3F7EA4}.Release|x64.ActiveCfg = Release|Any CPU
		{3B14D7A6-12F9-4D81-8576-D91AAD3F7EA4}.Release|x86.ActiveCfg = Release|Any CPU
		{3B14D7A6-12F9-4D81-8576-D91AAD3F7EA4}.SingleImage|Any CPU.ActiveCfg = Release|Any CPU
		{3B14D7A6-12F9-4D81-8576-D91AAD3F7EA4}.SingleImage|Any CPU.Build.0 = Release|Any CPU
		{3B14D7A6-12F9-4D81-8576-D91AAD3F7EA4}.SingleImage|Mixed Platforms.ActiveCfg = Release|Any CPU
		{3B14D7A6-12F9-4D81-8576-D91AAD3F7EA4}.SingleImage|Mixed Platforms.Build.0 = Release|Any CPU
		{3B14D7A6-12F9-4D81-8576-D91AAD3F7EA4}.SingleImage|Win32.ActiveCfg = Release|Any CPU
		{3B14D7A6-12F9-4D81-8576-D91AAD3F7EA4}.SingleImage|x64.ActiveCfg = Release|Any CPU
		{3B14D7A6-12F9-4D81-8576-D91AAD3F7EA4}.SingleImage|x86.ActiveCfg = Release|Any CPU
		{3B14D7A6-12F9-4D81-8576-D91AAD3F7EA4}.Win7 Debug|Any CPU.ActiveCfg = Debug|Any CPU
		{3B14D7A6-12F9-4D81-8576-D91AAD3F7EA4}.Win7 Debug|Any CPU.Build.0 = Debug|Any CPU
		{3B14D7A6-12F9-4D81-8576-D91AAD3F7EA4}.Win7 Debug|Mixed Platforms.ActiveCfg = Debug|Any CPU
		{3B14D7A6-12F9-4D81-8576-D91AAD3F7EA4}.Win7 Debug|Mixed Platforms.Build.0 = Debug|Any CPU
		{3B14D7A6-12F9-4D81-8576-D91AAD3F7EA4}.Win7 Debug|Win32.ActiveCfg = Debug|Any CPU
		{3B14D7A6-12F9-4D81-8576-D91AAD3F7EA4}.Win7 Debug|x64.ActiveCfg = Debug|Any CPU
		{3B14D7A6-12F9-4D81-8576-D91AAD3F7EA4}.Win7 Debug|x86.ActiveCfg = Debug|Any CPU
		{3B14D7A6-12F9-4D81-8576-D91AAD3F7EA4}.Win7 Release|Any CPU.ActiveCfg = Release|Any CPU
		{3B14D7A6-12F9-4D81-8576-D91AAD3F7EA4}.Win7 Release|Any CPU.Build.0 = Release|Any CPU
		{3B14D7A6-12F9-4D81-8576-D91AAD3F7EA4}.Win7 Release|Mixed Platforms.ActiveCfg = Release|Any CPU
		{3B14D7A6-12F9-4D81-8576-D91AAD3F7EA4}.Win7 Release|Mixed Platforms.Build.0 = Release|Any CPU
		{3B14D7A6-12F9-4D81-8576-D91AAD3F7EA4}.Win7 Release|Win32.ActiveCfg = Release|Any CPU
		{3B14D7A6-12F9-4D81-8576-D91AAD3F7EA4}.Win7 Release|x64.ActiveCfg = Release|Any CPU
		{3B14D7A6-12F9-4D81-8576-D91AAD3F7EA4}.Win7 Release|x86.ActiveCfg = Release|Any CPU
		{3B14D7A6-12F9-4D81-8576-D91AAD3F7EA4}.Win8 Debug|Any CPU.ActiveCfg = Debug|Any CPU
		{3B14D7A6-12F9-4D81-8576-D91AAD3F7EA4}.Win8 Debug|Any CPU.Build.0 = Debug|Any CPU
		{3B14D7A6-12F9-4D81-8576-D91AAD3F7EA4}.Win8 Debug|Mixed Platforms.ActiveCfg = Debug|Any CPU
		{3B14D7A6-12F9-4D81-8576-D91AAD3F7EA4}.Win8 Debug|Mixed Platforms.Build.0 = Debug|Any CPU
		{3B14D7A6-12F9-4D81-8576-D91AAD3F7EA4}.Win8 Debug|Win32.ActiveCfg = Debug|Any CPU
		{3B14D7A6-12F9-4D81-8576-D91AAD3F7EA4}.Win8 Debug|x64.ActiveCfg = Debug|Any CPU
		{3B14D7A6-12F9-4D81-8576-D91AAD3F7EA4}.Win8 Debug|x86.ActiveCfg = Debug|Any CPU
		{3B14D7A6-12F9-4D81-8576-D91AAD3F7EA4}.Win8 Release|Any CPU.ActiveCfg = Release|Any CPU
		{3B14D7A6-12F9-4D81-8576-D91AAD3F7EA4}.Win8 Release|Any CPU.Build.0 = Release|Any CPU
		{3B14D7A6-12F9-4D81-8576-D91AAD3F7EA4}.Win8 Release|Mixed Platforms.ActiveCfg = Release|Any CPU
		{3B14D7A6-12F9-4D81-8576-D91AAD3F7EA4}.Win8 Release|Mixed Platforms.Build.0 = Release|Any CPU
		{3B14D7A6-12F9-4D81-8576-D91AAD3F7EA4}.Win8 Release|Win32.ActiveCfg = Release|Any CPU
		{3B14D7A6-12F9-4D81-8576-D91AAD3F7EA4}.Win8 Release|x64.ActiveCfg = Release|Any CPU
		{3B14D7A6-12F9-4D81-8576-D91AAD3F7EA4}.Win8 Release|x86.ActiveCfg = Release|Any CPU
		{3B14D7A6-12F9-4D81-8576-D91AAD3F7EA4}.Win8.1 Debug|Any CPU.ActiveCfg = Debug|Any CPU
		{3B14D7A6-12F9-4D81-8576-D91AAD3F7EA4}.Win8.1 Debug|Any CPU.Build.0 = Debug|Any CPU
		{3B14D7A6-12F9-4D81-8576-D91AAD3F7EA4}.Win8.1 Debug|Mixed Platforms.ActiveCfg = Debug|Any CPU
		{3B14D7A6-12F9-4D81-8576-D91AAD3F7EA4}.Win8.1 Debug|Mixed Platforms.Build.0 = Debug|Any CPU
		{3B14D7A6-12F9-4D81-8576-D91AAD3F7EA4}.Win8.1 Debug|Win32.ActiveCfg = Debug|Any CPU
		{3B14D7A6-12F9-4D81-8576-D91AAD3F7EA4}.Win8.1 Debug|x64.ActiveCfg = Debug|Any CPU
		{3B14D7A6-12F9-4D81-8576-D91AAD3F7EA4}.Win8.1 Debug|x86.ActiveCfg = Debug|Any CPU
		{3B14D7A6-12F9-4D81-8576-D91AAD3F7EA4}.Win8.1 Release|Any CPU.ActiveCfg = Release|Any CPU
		{3B14D7A6-12F9-4D81-8576-D91AAD3F7EA4}.Win8.1 Release|Any CPU.Build.0 = Release|Any CPU
		{3B14D7A6-12F9-4D81-8576-D91AAD3F7EA4}.Win8.1 Release|Mixed Platforms.ActiveCfg = Release|Any CPU
		{3B14D7A6-12F9-4D81-8576-D91AAD3F7EA4}.Win8.1 Release|Mixed Platforms.Build.0 = Release|Any CPU
		{3B14D7A6-12F9-4D81-8576-D91AAD3F7EA4}.Win8.1 Release|Win32.ActiveCfg = Release|Any CPU
		{3B14D7A6-12F9-4D81-8576-D91AAD3F7EA4}.Win8.1 Release|x64.ActiveCfg = Release|Any CPU
		{3B14D7A6-12F9-4D81-8576-D91AAD3F7EA4}.Win8.1 Release|x86.ActiveCfg = Release|Any CPU
	EndGlobalSection
	GlobalSection(SolutionProperties) = preSolution
		HideSolutionNode = FALSE
	EndGlobalSection
EndGlobal
