
Microsoft Visual Studio Solution File, Format Version 12.00
# Visual Studio 2013
VisualStudioVersion = 12.0.30501.0
MinimumVisualStudioVersion = 10.0.40219.1
Project("{FAE04EC0-301F-11D3-BF4B-00C04F79EFBC}") = "Kilometros Testing", "Kilometros Testing\Kilometros Testing.csproj", "{A5C190FF-BEA5-4CD9-8484-DBD788529A8F}"
EndProject
Project("{FAE04EC0-301F-11D3-BF4B-00C04F79EFBC}") = "LibUsbDotNet", "LibUsbDotNet\LibUsbDotNet.csproj", "{0A78F6FF-5586-4052-8104-E23FF83A7CE1}"
EndProject
Project("{FAE04EC0-301F-11D3-BF4B-00C04F79EFBC}") = "Kms Desktop Windows Driver Install", "Kms Desktop Windows Driver Install\Kms Desktop Windows Driver Install.csproj", "{8DB8B173-81DD-42B9-B98F-4CE8218D8066}"
EndProject
Project("{FAE04EC0-301F-11D3-BF4B-00C04F79EFBC}") = "Kms Interop", "..\KMS Interop\Kms Interop\Kms Interop.csproj", "{599494B1-8D7F-44DF-9D70-F0E2B8D118F0}"
EndProject
Project("{FAE04EC0-301F-11D3-BF4B-00C04F79EFBC}") = "Kms Interop Cloud Api Client", "..\KMS Interop\Kms Interop OAuth Client\Kms Interop Cloud Api Client.csproj", "{EBD429ED-9168-4497-AE09-EF1DBEAA2186}"
EndProject
Project("{FAE04EC0-301F-11D3-BF4B-00C04F79EFBC}") = "KMS Desktop", "KMS Desktop\KMS Desktop.csproj", "{3B14D7A6-12F9-4D81-8576-D91AAD3F7EA4}"
EndProject
Global
	GlobalSection(SolutionConfigurationPlatforms) = preSolution
		Debug|Any CPU = Debug|Any CPU
		Debug|Mixed Platforms = Debug|Mixed Platforms
		Debug|Win32 = Debug|Win32
		Debug|x64 = Debug|x64
		Debug|x86 = Debug|x86
		Release|Any CPU = Release|Any CPU
		Release|Mixed Platforms = Release|Mixed Platforms
		Release|Win32 = Release|Win32
		Release|x64 = Release|x64
		Release|x86 = Release|x86
	EndGlobalSection
	GlobalSection(ProjectConfigurationPlatforms) = postSolution
		{A5C190FF-BEA5-4CD9-8484-DBD788529A8F}.Debug|Any CPU.ActiveCfg = Debug|Any CPU
		{A5C190FF-BEA5-4CD9-8484-DBD788529A8F}.Debug|Any CPU.Build.0 = Debug|Any CPU
		{A5C190FF-BEA5-4CD9-8484-DBD788529A8F}.Debug|Mixed Platforms.ActiveCfg = Debug|Any CPU
		{A5C190FF-BEA5-4CD9-8484-DBD788529A8F}.Debug|Mixed Platforms.Build.0 = Debug|Any CPU
		{A5C190FF-BEA5-4CD9-8484-DBD788529A8F}.Debug|Win32.ActiveCfg = Debug|Any CPU
		{A5C190FF-BEA5-4CD9-8484-DBD788529A8F}.Debug|x64.ActiveCfg = Debug|Any CPU
		{A5C190FF-BEA5-4CD9-8484-DBD788529A8F}.Debug|x86.ActiveCfg = Debug|Any CPU
		{A5C190FF-BEA5-4CD9-8484-DBD788529A8F}.Release|Any CPU.ActiveCfg = Release|Any CPU
		{A5C190FF-BEA5-4CD9-8484-DBD788529A8F}.Release|Any CPU.Build.0 = Release|Any CPU
		{A5C190FF-BEA5-4CD9-8484-DBD788529A8F}.Release|Mixed Platforms.ActiveCfg = Release|Any CPU
		{A5C190FF-BEA5-4CD9-8484-DBD788529A8F}.Release|Mixed Platforms.Build.0 = Release|Any CPU
		{A5C190FF-BEA5-4CD9-8484-DBD788529A8F}.Release|Win32.ActiveCfg = Release|Any CPU
		{A5C190FF-BEA5-4CD9-8484-DBD788529A8F}.Release|x64.ActiveCfg = Release|Any CPU
		{A5C190FF-BEA5-4CD9-8484-DBD788529A8F}.Release|x86.ActiveCfg = Release|Any CPU
		{0A78F6FF-5586-4052-8104-E23FF83A7CE1}.Debug|Any CPU.ActiveCfg = Debug|Any CPU
		{0A78F6FF-5586-4052-8104-E23FF83A7CE1}.Debug|Any CPU.Build.0 = Debug|Any CPU
		{0A78F6FF-5586-4052-8104-E23FF83A7CE1}.Debug|Mixed Platforms.ActiveCfg = Debug|x86
		{0A78F6FF-5586-4052-8104-E23FF83A7CE1}.Debug|Mixed Platforms.Build.0 = Debug|x86
		{0A78F6FF-5586-4052-8104-E23FF83A7CE1}.Debug|Win32.ActiveCfg = Debug|x86
		{0A78F6FF-5586-4052-8104-E23FF83A7CE1}.Debug|Win32.Build.0 = Debug|x86
		{0A78F6FF-5586-4052-8104-E23FF83A7CE1}.Debug|x64.ActiveCfg = Debug|Any CPU
		{0A78F6FF-5586-4052-8104-E23FF83A7CE1}.Debug|x86.ActiveCfg = Debug|x86
		{0A78F6FF-5586-4052-8104-E23FF83A7CE1}.Debug|x86.Build.0 = Debug|x86
		{0A78F6FF-5586-4052-8104-E23FF83A7CE1}.Release|Any CPU.ActiveCfg = Release|Any CPU
		{0A78F6FF-5586-4052-8104-E23FF83A7CE1}.Release|Any CPU.Build.0 = Release|Any CPU
		{0A78F6FF-5586-4052-8104-E23FF83A7CE1}.Release|Mixed Platforms.ActiveCfg = Release|x86
		{0A78F6FF-5586-4052-8104-E23FF83A7CE1}.Release|Mixed Platforms.Build.0 = Release|x86
		{0A78F6FF-5586-4052-8104-E23FF83A7CE1}.Release|Win32.ActiveCfg = Release|x86
		{0A78F6FF-5586-4052-8104-E23FF83A7CE1}.Release|Win32.Build.0 = Release|x86
		{0A78F6FF-5586-4052-8104-E23FF83A7CE1}.Release|x64.ActiveCfg = Release|Any CPU
		{0A78F6FF-5586-4052-8104-E23FF83A7CE1}.Release|x86.ActiveCfg = Release|x86
		{0A78F6FF-5586-4052-8104-E23FF83A7CE1}.Release|x86.Build.0 = Release|x86
		{8DB8B173-81DD-42B9-B98F-4CE8218D8066}.Debug|Any CPU.ActiveCfg = Debug|Any CPU
		{8DB8B173-81DD-42B9-B98F-4CE8218D8066}.Debug|Any CPU.Build.0 = Debug|Any CPU
		{8DB8B173-81DD-42B9-B98F-4CE8218D8066}.Debug|Mixed Platforms.ActiveCfg = Debug|Any CPU
		{8DB8B173-81DD-42B9-B98F-4CE8218D8066}.Debug|Mixed Platforms.Build.0 = Debug|Any CPU
		{8DB8B173-81DD-42B9-B98F-4CE8218D8066}.Debug|Win32.ActiveCfg = Debug|Any CPU
		{8DB8B173-81DD-42B9-B98F-4CE8218D8066}.Debug|x64.ActiveCfg = Debug|Any CPU
		{8DB8B173-81DD-42B9-B98F-4CE8218D8066}.Debug|x86.ActiveCfg = Debug|Any CPU
		{8DB8B173-81DD-42B9-B98F-4CE8218D8066}.Release|Any CPU.ActiveCfg = Release|Any CPU
		{8DB8B173-81DD-42B9-B98F-4CE8218D8066}.Release|Any CPU.Build.0 = Release|Any CPU
		{8DB8B173-81DD-42B9-B98F-4CE8218D8066}.Release|Mixed Platforms.ActiveCfg = Release|Any CPU
		{8DB8B173-81DD-42B9-B98F-4CE8218D8066}.Release|Mixed Platforms.Build.0 = Release|Any CPU
		{8DB8B173-81DD-42B9-B98F-4CE8218D8066}.Release|Win32.ActiveCfg = Release|Any CPU
		{8DB8B173-81DD-42B9-B98F-4CE8218D8066}.Release|x64.ActiveCfg = Release|Any CPU
		{8DB8B173-81DD-42B9-B98F-4CE8218D8066}.Release|x86.ActiveCfg = Release|Any CPU
		{599494B1-8D7F-44DF-9D70-F0E2B8D118F0}.Debug|Any CPU.ActiveCfg = Debug|Any CPU
		{599494B1-8D7F-44DF-9D70-F0E2B8D118F0}.Debug|Any CPU.Build.0 = Debug|Any CPU
		{599494B1-8D7F-44DF-9D70-F0E2B8D118F0}.Debug|Mixed Platforms.ActiveCfg = Debug|Any CPU
		{599494B1-8D7F-44DF-9D70-F0E2B8D118F0}.Debug|Mixed Platforms.Build.0 = Debug|Any CPU
		{599494B1-8D7F-44DF-9D70-F0E2B8D118F0}.Debug|Win32.ActiveCfg = Debug|Any CPU
		{599494B1-8D7F-44DF-9D70-F0E2B8D118F0}.Debug|x64.ActiveCfg = Debug|Any CPU
		{599494B1-8D7F-44DF-9D70-F0E2B8D118F0}.Debug|x86.ActiveCfg = Debug|Any CPU
		{599494B1-8D7F-44DF-9D70-F0E2B8D118F0}.Release|Any CPU.ActiveCfg = Release|Any CPU
		{599494B1-8D7F-44DF-9D70-F0E2B8D118F0}.Release|Any CPU.Build.0 = Release|Any CPU
		{599494B1-8D7F-44DF-9D70-F0E2B8D118F0}.Release|Mixed Platforms.ActiveCfg = Release|Any CPU
		{599494B1-8D7F-44DF-9D70-F0E2B8D118F0}.Release|Mixed Platforms.Build.0 = Release|Any CPU
		{599494B1-8D7F-44DF-9D70-F0E2B8D118F0}.Release|Win32.ActiveCfg = Release|Any CPU
		{599494B1-8D7F-44DF-9D70-F0E2B8D118F0}.Release|x64.ActiveCfg = Release|Any CPU
		{599494B1-8D7F-44DF-9D70-F0E2B8D118F0}.Release|x86.ActiveCfg = Release|Any CPU
		{EBD429ED-9168-4497-AE09-EF1DBEAA2186}.Debug|Any CPU.ActiveCfg = Debug|Any CPU
		{EBD429ED-9168-4497-AE09-EF1DBEAA2186}.Debug|Any CPU.Build.0 = Debug|Any CPU
		{EBD429ED-9168-4497-AE09-EF1DBEAA2186}.Debug|Mixed Platforms.ActiveCfg = Debug|Any CPU
		{EBD429ED-9168-4497-AE09-EF1DBEAA2186}.Debug|Mixed Platforms.Build.0 = Debug|Any CPU
		{EBD429ED-9168-4497-AE09-EF1DBEAA2186}.Debug|Win32.ActiveCfg = Debug|Any CPU
		{EBD429ED-9168-4497-AE09-EF1DBEAA2186}.Debug|x64.ActiveCfg = Debug|Any CPU
		{EBD429ED-9168-4497-AE09-EF1DBEAA2186}.Debug|x86.ActiveCfg = Debug|Any CPU
		{EBD429ED-9168-4497-AE09-EF1DBEAA2186}.Release|Any CPU.ActiveCfg = Release|Any CPU
		{EBD429ED-9168-4497-AE09-EF1DBEAA2186}.Release|Any CPU.Build.0 = Release|Any CPU
		{EBD429ED-9168-4497-AE09-EF1DBEAA2186}.Release|Mixed Platforms.ActiveCfg = Release|Any CPU
		{EBD429ED-9168-4497-AE09-EF1DBEAA2186}.Release|Mixed Platforms.Build.0 = Release|Any CPU
		{EBD429ED-9168-4497-AE09-EF1DBEAA2186}.Release|Win32.ActiveCfg = Release|Any CPU
		{EBD429ED-9168-4497-AE09-EF1DBEAA2186}.Release|x64.ActiveCfg = Release|Any CPU
		{EBD429ED-9168-4497-AE09-EF1DBEAA2186}.Release|x86.ActiveCfg = Release|Any CPU
		{3B14D7A6-12F9-4D81-8576-D91AAD3F7EA4}.Debug|Any CPU.ActiveCfg = Debug|Any CPU
		{3B14D7A6-12F9-4D81-8576-D91AAD3F7EA4}.Debug|Any CPU.Build.0 = Debug|Any CPU
		{3B14D7A6-12F9-4D81-8576-D91AAD3F7EA4}.Debug|Mixed Platforms.ActiveCfg = Debug|Any CPU
		{3B14D7A6-12F9-4D81-8576-D91AAD3F7EA4}.Debug|Mixed Platforms.Build.0 = Debug|Any CPU
		{3B14D7A6-12F9-4D81-8576-D91AAD3F7EA4}.Debug|Win32.ActiveCfg = Debug|Any CPU
		{3B14D7A6-12F9-4D81-8576-D91AAD3F7EA4}.Debug|x64.ActiveCfg = Debug|Any CPU
		{3B14D7A6-12F9-4D81-8576-D91AAD3F7EA4}.Debug|x86.ActiveCfg = Debug|Any CPU
		{3B14D7A6-12F9-4D81-8576-D91AAD3F7EA4}.Release|Any CPU.ActiveCfg = Release|Any CPU
		{3B14D7A6-12F9-4D81-8576-D91AAD3F7EA4}.Release|Any CPU.Build.0 = Release|Any CPU
		{3B14D7A6-12F9-4D81-8576-D91AAD3F7EA4}.Release|Mixed Platforms.ActiveCfg = Release|Any CPU
		{3B14D7A6-12F9-4D81-8576-D91AAD3F7EA4}.Release|Mixed Platforms.Build.0 = Release|Any CPU
		{3B14D7A6-12F9-4D81-8576-D91AAD3F7EA4}.Release|Win32.ActiveCfg = Release|Any CPU
		{3B14D7A6-12F9-4D81-8576-D91AAD3F7EA4}.Release|x64.ActiveCfg = Release|Any CPU
		{3B14D7A6-12F9-4D81-8576-D91AAD3F7EA4}.Release|x86.ActiveCfg = Release|Any CPU
	EndGlobalSection
	GlobalSection(SolutionProperties) = preSolution
		HideSolutionNode = FALSE
	EndGlobalSection
EndGlobal
