
Microsoft Visual Studio Solution File, Format Version 12.00
# Visual Studio 2013
VisualStudioVersion = 12.0.30110.0
MinimumVisualStudioVersion = 10.0.40219.1
Project("{FAE04EC0-301F-11D3-BF4B-00C04F79EFBC}") = "KMS UsbX", "Kilometros UsbX\KMS UsbX.csproj", "{E1B82FB5-2AB4-47F2-B36C-7B0A695378CF}"
EndProject
Project("{FAE04EC0-301F-11D3-BF4B-00C04F79EFBC}") = "Kilometros Testing", "Kilometros Testing\Kilometros Testing.csproj", "{A5C190FF-BEA5-4CD9-8484-DBD788529A8F}"
EndProject
Project("{FAE04EC0-301F-11D3-BF4B-00C04F79EFBC}") = "LibUsbDotNet", "LibUsbDotNet\LibUsbDotNet.csproj", "{0A78F6FF-5586-4052-8104-E23FF83A7CE1}"
EndProject
Project("{FAE04EC0-301F-11D3-BF4B-00C04F79EFBC}") = "KMS Desktop", "Kilometros Desktop\KMS Desktop.csproj", "{09B267C0-7707-43BE-B9C2-DF80897691C7}"
EndProject
Project("{FAE04EC0-301F-11D3-BF4B-00C04F79EFBC}") = "KMS Comm", "Kilometros Comm\KMS Comm.csproj", "{599494B1-8D7F-44DF-9D70-F0E2B8D118F0}"
EndProject
Project("{FAE04EC0-301F-11D3-BF4B-00C04F79EFBC}") = "KMS Desktop Unit Testing", "KMS Desktop Unit Testing\KMS Desktop Unit Testing.csproj", "{38B377A0-0E55-4074-B368-B9DF31748754}"
EndProject
Global
	GlobalSection(SolutionConfigurationPlatforms) = preSolution
		CodeAnalysis|Any CPU = CodeAnalysis|Any CPU
		CodeAnalysis|Mixed Platforms = CodeAnalysis|Mixed Platforms
		CodeAnalysis|Win32 = CodeAnalysis|Win32
		CodeAnalysis|x64 = CodeAnalysis|x64
		CodeAnalysis|x86 = CodeAnalysis|x86
		Debug|Any CPU = Debug|Any CPU
		Debug|Mixed Platforms = Debug|Mixed Platforms
		Debug|Win32 = Debug|Win32
		Debug|x64 = Debug|x64
		Debug|x86 = Debug|x86
		Release|Any CPU = Release|Any CPU
		Release|Mixed Platforms = Release|Mixed Platforms
		Release|Win32 = Release|Win32
		Release|x64 = Release|x64
		Release|x86 = Release|x86
		Win7 Debug|Any CPU = Win7 Debug|Any CPU
		Win7 Debug|Mixed Platforms = Win7 Debug|Mixed Platforms
		Win7 Debug|Win32 = Win7 Debug|Win32
		Win7 Debug|x64 = Win7 Debug|x64
		Win7 Debug|x86 = Win7 Debug|x86
		Win7 Release|Any CPU = Win7 Release|Any CPU
		Win7 Release|Mixed Platforms = Win7 Release|Mixed Platforms
		Win7 Release|Win32 = Win7 Release|Win32
		Win7 Release|x64 = Win7 Release|x64
		Win7 Release|x86 = Win7 Release|x86
		Win8 Debug|Any CPU = Win8 Debug|Any CPU
		Win8 Debug|Mixed Platforms = Win8 Debug|Mixed Platforms
		Win8 Debug|Win32 = Win8 Debug|Win32
		Win8 Debug|x64 = Win8 Debug|x64
		Win8 Debug|x86 = Win8 Debug|x86
		Win8 Release|Any CPU = Win8 Release|Any CPU
		Win8 Release|Mixed Platforms = Win8 Release|Mixed Platforms
		Win8 Release|Win32 = Win8 Release|Win32
		Win8 Release|x64 = Win8 Release|x64
		Win8 Release|x86 = Win8 Release|x86
		Win8.1 Debug|Any CPU = Win8.1 Debug|Any CPU
		Win8.1 Debug|Mixed Platforms = Win8.1 Debug|Mixed Platforms
		Win8.1 Debug|Win32 = Win8.1 Debug|Win32
		Win8.1 Debug|x64 = Win8.1 Debug|x64
		Win8.1 Debug|x86 = Win8.1 Debug|x86
		Win8.1 Release|Any CPU = Win8.1 Release|Any CPU
		Win8.1 Release|Mixed Platforms = Win8.1 Release|Mixed Platforms
		Win8.1 Release|Win32 = Win8.1 Release|Win32
		Win8.1 Release|x64 = Win8.1 Release|x64
		Win8.1 Release|x86 = Win8.1 Release|x86
	EndGlobalSection
	GlobalSection(ProjectConfigurationPlatforms) = postSolution
		{E1B82FB5-2AB4-47F2-B36C-7B0A695378CF}.CodeAnalysis|Any CPU.ActiveCfg = Release|Any CPU
		{E1B82FB5-2AB4-47F2-B36C-7B0A695378CF}.CodeAnalysis|Any CPU.Build.0 = Release|Any CPU
		{E1B82FB5-2AB4-47F2-B36C-7B0A695378CF}.CodeAnalysis|Mixed Platforms.ActiveCfg = Debug|Any CPU
		{E1B82FB5-2AB4-47F2-B36C-7B0A695378CF}.CodeAnalysis|Mixed Platforms.Build.0 = Debug|Any CPU
		{E1B82FB5-2AB4-47F2-B36C-7B0A695378CF}.CodeAnalysis|Win32.ActiveCfg = Debug|Any CPU
		{E1B82FB5-2AB4-47F2-B36C-7B0A695378CF}.CodeAnalysis|x64.ActiveCfg = Debug|Any CPU
		{E1B82FB5-2AB4-47F2-B36C-7B0A695378CF}.CodeAnalysis|x86.ActiveCfg = Debug|Any CPU
		{E1B82FB5-2AB4-47F2-B36C-7B0A695378CF}.Debug|Any CPU.ActiveCfg = Debug|Any CPU
		{E1B82FB5-2AB4-47F2-B36C-7B0A695378CF}.Debug|Any CPU.Build.0 = Debug|Any CPU
		{E1B82FB5-2AB4-47F2-B36C-7B0A695378CF}.Debug|Mixed Platforms.ActiveCfg = Debug|Any CPU
		{E1B82FB5-2AB4-47F2-B36C-7B0A695378CF}.Debug|Mixed Platforms.Build.0 = Debug|Any CPU
		{E1B82FB5-2AB4-47F2-B36C-7B0A695378CF}.Debug|Win32.ActiveCfg = Debug|Any CPU
		{E1B82FB5-2AB4-47F2-B36C-7B0A695378CF}.Debug|x64.ActiveCfg = Debug|Any CPU
		{E1B82FB5-2AB4-47F2-B36C-7B0A695378CF}.Debug|x86.ActiveCfg = Debug|Any CPU
		{E1B82FB5-2AB4-47F2-B36C-7B0A695378CF}.Release|Any CPU.ActiveCfg = Release|Any CPU
		{E1B82FB5-2AB4-47F2-B36C-7B0A695378CF}.Release|Any CPU.Build.0 = Release|Any CPU
		{E1B82FB5-2AB4-47F2-B36C-7B0A695378CF}.Release|Mixed Platforms.ActiveCfg = Release|Any CPU
		{E1B82FB5-2AB4-47F2-B36C-7B0A695378CF}.Release|Mixed Platforms.Build.0 = Release|Any CPU
		{E1B82FB5-2AB4-47F2-B36C-7B0A695378CF}.Release|Win32.ActiveCfg = Release|Any CPU
		{E1B82FB5-2AB4-47F2-B36C-7B0A695378CF}.Release|x64.ActiveCfg = Release|Any CPU
		{E1B82FB5-2AB4-47F2-B36C-7B0A695378CF}.Release|x86.ActiveCfg = Release|Any CPU
		{E1B82FB5-2AB4-47F2-B36C-7B0A695378CF}.Win7 Debug|Any CPU.ActiveCfg = Debug|Any CPU
		{E1B82FB5-2AB4-47F2-B36C-7B0A695378CF}.Win7 Debug|Any CPU.Build.0 = Debug|Any CPU
		{E1B82FB5-2AB4-47F2-B36C-7B0A695378CF}.Win7 Debug|Mixed Platforms.ActiveCfg = Debug|Any CPU
		{E1B82FB5-2AB4-47F2-B36C-7B0A695378CF}.Win7 Debug|Mixed Platforms.Build.0 = Debug|Any CPU
		{E1B82FB5-2AB4-47F2-B36C-7B0A695378CF}.Win7 Debug|Win32.ActiveCfg = Debug|Any CPU
		{E1B82FB5-2AB4-47F2-B36C-7B0A695378CF}.Win7 Debug|x64.ActiveCfg = Debug|Any CPU
		{E1B82FB5-2AB4-47F2-B36C-7B0A695378CF}.Win7 Debug|x86.ActiveCfg = Debug|Any CPU
		{E1B82FB5-2AB4-47F2-B36C-7B0A695378CF}.Win7 Release|Any CPU.ActiveCfg = Release|Any CPU
		{E1B82FB5-2AB4-47F2-B36C-7B0A695378CF}.Win7 Release|Any CPU.Build.0 = Release|Any CPU
		{E1B82FB5-2AB4-47F2-B36C-7B0A695378CF}.Win7 Release|Mixed Platforms.ActiveCfg = Release|Any CPU
		{E1B82FB5-2AB4-47F2-B36C-7B0A695378CF}.Win7 Release|Mixed Platforms.Build.0 = Release|Any CPU
		{E1B82FB5-2AB4-47F2-B36C-7B0A695378CF}.Win7 Release|Win32.ActiveCfg = Release|Any CPU
		{E1B82FB5-2AB4-47F2-B36C-7B0A695378CF}.Win7 Release|x64.ActiveCfg = Release|Any CPU
		{E1B82FB5-2AB4-47F2-B36C-7B0A695378CF}.Win7 Release|x86.ActiveCfg = Release|Any CPU
		{E1B82FB5-2AB4-47F2-B36C-7B0A695378CF}.Win8 Debug|Any CPU.ActiveCfg = Debug|Any CPU
		{E1B82FB5-2AB4-47F2-B36C-7B0A695378CF}.Win8 Debug|Any CPU.Build.0 = Debug|Any CPU
		{E1B82FB5-2AB4-47F2-B36C-7B0A695378CF}.Win8 Debug|Mixed Platforms.ActiveCfg = Debug|Any CPU
		{E1B82FB5-2AB4-47F2-B36C-7B0A695378CF}.Win8 Debug|Mixed Platforms.Build.0 = Debug|Any CPU
		{E1B82FB5-2AB4-47F2-B36C-7B0A695378CF}.Win8 Debug|Win32.ActiveCfg = Debug|Any CPU
		{E1B82FB5-2AB4-47F2-B36C-7B0A695378CF}.Win8 Debug|x64.ActiveCfg = Debug|Any CPU
		{E1B82FB5-2AB4-47F2-B36C-7B0A695378CF}.Win8 Debug|x86.ActiveCfg = Debug|Any CPU
		{E1B82FB5-2AB4-47F2-B36C-7B0A695378CF}.Win8 Release|Any CPU.ActiveCfg = Release|Any CPU
		{E1B82FB5-2AB4-47F2-B36C-7B0A695378CF}.Win8 Release|Any CPU.Build.0 = Release|Any CPU
		{E1B82FB5-2AB4-47F2-B36C-7B0A695378CF}.Win8 Release|Mixed Platforms.ActiveCfg = Release|Any CPU
		{E1B82FB5-2AB4-47F2-B36C-7B0A695378CF}.Win8 Release|Mixed Platforms.Build.0 = Release|Any CPU
		{E1B82FB5-2AB4-47F2-B36C-7B0A695378CF}.Win8 Release|Win32.ActiveCfg = Release|Any CPU
		{E1B82FB5-2AB4-47F2-B36C-7B0A695378CF}.Win8 Release|x64.ActiveCfg = Release|Any CPU
		{E1B82FB5-2AB4-47F2-B36C-7B0A695378CF}.Win8 Release|x86.ActiveCfg = Release|Any CPU
		{E1B82FB5-2AB4-47F2-B36C-7B0A695378CF}.Win8.1 Debug|Any CPU.ActiveCfg = Debug|Any CPU
		{E1B82FB5-2AB4-47F2-B36C-7B0A695378CF}.Win8.1 Debug|Any CPU.Build.0 = Debug|Any CPU
		{E1B82FB5-2AB4-47F2-B36C-7B0A695378CF}.Win8.1 Debug|Mixed Platforms.ActiveCfg = Debug|Any CPU
		{E1B82FB5-2AB4-47F2-B36C-7B0A695378CF}.Win8.1 Debug|Mixed Platforms.Build.0 = Debug|Any CPU
		{E1B82FB5-2AB4-47F2-B36C-7B0A695378CF}.Win8.1 Debug|Win32.ActiveCfg = Debug|Any CPU
		{E1B82FB5-2AB4-47F2-B36C-7B0A695378CF}.Win8.1 Debug|x64.ActiveCfg = Debug|Any CPU
		{E1B82FB5-2AB4-47F2-B36C-7B0A695378CF}.Win8.1 Debug|x86.ActiveCfg = Debug|Any CPU
		{E1B82FB5-2AB4-47F2-B36C-7B0A695378CF}.Win8.1 Release|Any CPU.ActiveCfg = Release|Any CPU
		{E1B82FB5-2AB4-47F2-B36C-7B0A695378CF}.Win8.1 Release|Any CPU.Build.0 = Release|Any CPU
		{E1B82FB5-2AB4-47F2-B36C-7B0A695378CF}.Win8.1 Release|Mixed Platforms.ActiveCfg = Release|Any CPU
		{E1B82FB5-2AB4-47F2-B36C-7B0A695378CF}.Win8.1 Release|Mixed Platforms.Build.0 = Release|Any CPU
		{E1B82FB5-2AB4-47F2-B36C-7B0A695378CF}.Win8.1 Release|Win32.ActiveCfg = Release|Any CPU
		{E1B82FB5-2AB4-47F2-B36C-7B0A695378CF}.Win8.1 Release|x64.ActiveCfg = Release|Any CPU
		{E1B82FB5-2AB4-47F2-B36C-7B0A695378CF}.Win8.1 Release|x86.ActiveCfg = Release|Any CPU
		{A5C190FF-BEA5-4CD9-8484-DBD788529A8F}.CodeAnalysis|Any CPU.ActiveCfg = Release|Any CPU
		{A5C190FF-BEA5-4CD9-8484-DBD788529A8F}.CodeAnalysis|Any CPU.Build.0 = Release|Any CPU
		{A5C190FF-BEA5-4CD9-8484-DBD788529A8F}.CodeAnalysis|Mixed Platforms.ActiveCfg = Release|Any CPU
		{A5C190FF-BEA5-4CD9-8484-DBD788529A8F}.CodeAnalysis|Mixed Platforms.Build.0 = Release|Any CPU
		{A5C190FF-BEA5-4CD9-8484-DBD788529A8F}.CodeAnalysis|Win32.ActiveCfg = Release|Any CPU
		{A5C190FF-BEA5-4CD9-8484-DBD788529A8F}.CodeAnalysis|x64.ActiveCfg = Release|Any CPU
		{A5C190FF-BEA5-4CD9-8484-DBD788529A8F}.CodeAnalysis|x86.ActiveCfg = Debug|Any CPU
		{A5C190FF-BEA5-4CD9-8484-DBD788529A8F}.Debug|Any CPU.ActiveCfg = Debug|Any CPU
		{A5C190FF-BEA5-4CD9-8484-DBD788529A8F}.Debug|Any CPU.Build.0 = Debug|Any CPU
		{A5C190FF-BEA5-4CD9-8484-DBD788529A8F}.Debug|Mixed Platforms.ActiveCfg = Debug|Any CPU
		{A5C190FF-BEA5-4CD9-8484-DBD788529A8F}.Debug|Mixed Platforms.Build.0 = Debug|Any CPU
		{A5C190FF-BEA5-4CD9-8484-DBD788529A8F}.Debug|Win32.ActiveCfg = Debug|Any CPU
		{A5C190FF-BEA5-4CD9-8484-DBD788529A8F}.Debug|x64.ActiveCfg = Debug|Any CPU
		{A5C190FF-BEA5-4CD9-8484-DBD788529A8F}.Debug|x86.ActiveCfg = Debug|Any CPU
		{A5C190FF-BEA5-4CD9-8484-DBD788529A8F}.Release|Any CPU.ActiveCfg = Release|Any CPU
		{A5C190FF-BEA5-4CD9-8484-DBD788529A8F}.Release|Any CPU.Build.0 = Release|Any CPU
		{A5C190FF-BEA5-4CD9-8484-DBD788529A8F}.Release|Mixed Platforms.ActiveCfg = Release|Any CPU
		{A5C190FF-BEA5-4CD9-8484-DBD788529A8F}.Release|Mixed Platforms.Build.0 = Release|Any CPU
		{A5C190FF-BEA5-4CD9-8484-DBD788529A8F}.Release|Win32.ActiveCfg = Release|Any CPU
		{A5C190FF-BEA5-4CD9-8484-DBD788529A8F}.Release|x64.ActiveCfg = Release|Any CPU
		{A5C190FF-BEA5-4CD9-8484-DBD788529A8F}.Release|x86.ActiveCfg = Release|Any CPU
		{A5C190FF-BEA5-4CD9-8484-DBD788529A8F}.Win7 Debug|Any CPU.ActiveCfg = Debug|Any CPU
		{A5C190FF-BEA5-4CD9-8484-DBD788529A8F}.Win7 Debug|Any CPU.Build.0 = Debug|Any CPU
		{A5C190FF-BEA5-4CD9-8484-DBD788529A8F}.Win7 Debug|Mixed Platforms.ActiveCfg = Debug|Any CPU
		{A5C190FF-BEA5-4CD9-8484-DBD788529A8F}.Win7 Debug|Mixed Platforms.Build.0 = Debug|Any CPU
		{A5C190FF-BEA5-4CD9-8484-DBD788529A8F}.Win7 Debug|Win32.ActiveCfg = Debug|Any CPU
		{A5C190FF-BEA5-4CD9-8484-DBD788529A8F}.Win7 Debug|x64.ActiveCfg = Debug|Any CPU
		{A5C190FF-BEA5-4CD9-8484-DBD788529A8F}.Win7 Debug|x86.ActiveCfg = Debug|Any CPU
		{A5C190FF-BEA5-4CD9-8484-DBD788529A8F}.Win7 Release|Any CPU.ActiveCfg = Release|Any CPU
		{A5C190FF-BEA5-4CD9-8484-DBD788529A8F}.Win7 Release|Any CPU.Build.0 = Release|Any CPU
		{A5C190FF-BEA5-4CD9-8484-DBD788529A8F}.Win7 Release|Mixed Platforms.ActiveCfg = Release|Any CPU
		{A5C190FF-BEA5-4CD9-8484-DBD788529A8F}.Win7 Release|Mixed Platforms.Build.0 = Release|Any CPU
		{A5C190FF-BEA5-4CD9-8484-DBD788529A8F}.Win7 Release|Win32.ActiveCfg = Release|Any CPU
		{A5C190FF-BEA5-4CD9-8484-DBD788529A8F}.Win7 Release|x64.ActiveCfg = Release|Any CPU
		{A5C190FF-BEA5-4CD9-8484-DBD788529A8F}.Win7 Release|x86.ActiveCfg = Release|Any CPU
		{A5C190FF-BEA5-4CD9-8484-DBD788529A8F}.Win8 Debug|Any CPU.ActiveCfg = Debug|Any CPU
		{A5C190FF-BEA5-4CD9-8484-DBD788529A8F}.Win8 Debug|Any CPU.Build.0 = Debug|Any CPU
		{A5C190FF-BEA5-4CD9-8484-DBD788529A8F}.Win8 Debug|Mixed Platforms.ActiveCfg = Debug|Any CPU
		{A5C190FF-BEA5-4CD9-8484-DBD788529A8F}.Win8 Debug|Mixed Platforms.Build.0 = Debug|Any CPU
		{A5C190FF-BEA5-4CD9-8484-DBD788529A8F}.Win8 Debug|Win32.ActiveCfg = Debug|Any CPU
		{A5C190FF-BEA5-4CD9-8484-DBD788529A8F}.Win8 Debug|x64.ActiveCfg = Debug|Any CPU
		{A5C190FF-BEA5-4CD9-8484-DBD788529A8F}.Win8 Debug|x86.ActiveCfg = Debug|Any CPU
		{A5C190FF-BEA5-4CD9-8484-DBD788529A8F}.Win8 Release|Any CPU.ActiveCfg = Release|Any CPU
		{A5C190FF-BEA5-4CD9-8484-DBD788529A8F}.Win8 Release|Any CPU.Build.0 = Release|Any CPU
		{A5C190FF-BEA5-4CD9-8484-DBD788529A8F}.Win8 Release|Mixed Platforms.ActiveCfg = Release|Any CPU
		{A5C190FF-BEA5-4CD9-8484-DBD788529A8F}.Win8 Release|Mixed Platforms.Build.0 = Release|Any CPU
		{A5C190FF-BEA5-4CD9-8484-DBD788529A8F}.Win8 Release|Win32.ActiveCfg = Release|Any CPU
		{A5C190FF-BEA5-4CD9-8484-DBD788529A8F}.Win8 Release|x64.ActiveCfg = Release|Any CPU
		{A5C190FF-BEA5-4CD9-8484-DBD788529A8F}.Win8 Release|x86.ActiveCfg = Release|Any CPU
		{A5C190FF-BEA5-4CD9-8484-DBD788529A8F}.Win8.1 Debug|Any CPU.ActiveCfg = Debug|Any CPU
		{A5C190FF-BEA5-4CD9-8484-DBD788529A8F}.Win8.1 Debug|Any CPU.Build.0 = Debug|Any CPU
		{A5C190FF-BEA5-4CD9-8484-DBD788529A8F}.Win8.1 Debug|Mixed Platforms.ActiveCfg = Debug|Any CPU
		{A5C190FF-BEA5-4CD9-8484-DBD788529A8F}.Win8.1 Debug|Mixed Platforms.Build.0 = Debug|Any CPU
		{A5C190FF-BEA5-4CD9-8484-DBD788529A8F}.Win8.1 Debug|Win32.ActiveCfg = Debug|Any CPU
		{A5C190FF-BEA5-4CD9-8484-DBD788529A8F}.Win8.1 Debug|x64.ActiveCfg = Debug|Any CPU
		{A5C190FF-BEA5-4CD9-8484-DBD788529A8F}.Win8.1 Debug|x86.ActiveCfg = Debug|Any CPU
		{A5C190FF-BEA5-4CD9-8484-DBD788529A8F}.Win8.1 Release|Any CPU.ActiveCfg = Release|Any CPU
		{A5C190FF-BEA5-4CD9-8484-DBD788529A8F}.Win8.1 Release|Any CPU.Build.0 = Release|Any CPU
		{A5C190FF-BEA5-4CD9-8484-DBD788529A8F}.Win8.1 Release|Mixed Platforms.ActiveCfg = Release|Any CPU
		{A5C190FF-BEA5-4CD9-8484-DBD788529A8F}.Win8.1 Release|Mixed Platforms.Build.0 = Release|Any CPU
		{A5C190FF-BEA5-4CD9-8484-DBD788529A8F}.Win8.1 Release|Win32.ActiveCfg = Release|Any CPU
		{A5C190FF-BEA5-4CD9-8484-DBD788529A8F}.Win8.1 Release|x64.ActiveCfg = Release|Any CPU
		{A5C190FF-BEA5-4CD9-8484-DBD788529A8F}.Win8.1 Release|x86.ActiveCfg = Release|Any CPU
		{0A78F6FF-5586-4052-8104-E23FF83A7CE1}.CodeAnalysis|Any CPU.ActiveCfg = Release|Any CPU
		{0A78F6FF-5586-4052-8104-E23FF83A7CE1}.CodeAnalysis|Any CPU.Build.0 = Release|Any CPU
		{0A78F6FF-5586-4052-8104-E23FF83A7CE1}.CodeAnalysis|Mixed Platforms.ActiveCfg = Release|x86
		{0A78F6FF-5586-4052-8104-E23FF83A7CE1}.CodeAnalysis|Mixed Platforms.Build.0 = Release|x86
		{0A78F6FF-5586-4052-8104-E23FF83A7CE1}.CodeAnalysis|Win32.ActiveCfg = Release|x86
		{0A78F6FF-5586-4052-8104-E23FF83A7CE1}.CodeAnalysis|Win32.Build.0 = Release|x86
		{0A78F6FF-5586-4052-8104-E23FF83A7CE1}.CodeAnalysis|x64.ActiveCfg = Release|Any CPU
		{0A78F6FF-5586-4052-8104-E23FF83A7CE1}.CodeAnalysis|x86.ActiveCfg = Release|x86
		{0A78F6FF-5586-4052-8104-E23FF83A7CE1}.CodeAnalysis|x86.Build.0 = Release|x86
		{0A78F6FF-5586-4052-8104-E23FF83A7CE1}.Debug|Any CPU.ActiveCfg = Debug|Any CPU
		{0A78F6FF-5586-4052-8104-E23FF83A7CE1}.Debug|Any CPU.Build.0 = Debug|Any CPU
		{0A78F6FF-5586-4052-8104-E23FF83A7CE1}.Debug|Mixed Platforms.ActiveCfg = Debug|x86
		{0A78F6FF-5586-4052-8104-E23FF83A7CE1}.Debug|Mixed Platforms.Build.0 = Debug|x86
		{0A78F6FF-5586-4052-8104-E23FF83A7CE1}.Debug|Win32.ActiveCfg = Debug|x86
		{0A78F6FF-5586-4052-8104-E23FF83A7CE1}.Debug|Win32.Build.0 = Debug|x86
		{0A78F6FF-5586-4052-8104-E23FF83A7CE1}.Debug|x64.ActiveCfg = Debug|Any CPU
		{0A78F6FF-5586-4052-8104-E23FF83A7CE1}.Debug|x86.ActiveCfg = Debug|x86
		{0A78F6FF-5586-4052-8104-E23FF83A7CE1}.Debug|x86.Build.0 = Debug|x86
		{0A78F6FF-5586-4052-8104-E23FF83A7CE1}.Release|Any CPU.ActiveCfg = Release|Any CPU
		{0A78F6FF-5586-4052-8104-E23FF83A7CE1}.Release|Any CPU.Build.0 = Release|Any CPU
		{0A78F6FF-5586-4052-8104-E23FF83A7CE1}.Release|Mixed Platforms.ActiveCfg = Release|x86
		{0A78F6FF-5586-4052-8104-E23FF83A7CE1}.Release|Mixed Platforms.Build.0 = Release|x86
		{0A78F6FF-5586-4052-8104-E23FF83A7CE1}.Release|Win32.ActiveCfg = Release|x86
		{0A78F6FF-5586-4052-8104-E23FF83A7CE1}.Release|Win32.Build.0 = Release|x86
		{0A78F6FF-5586-4052-8104-E23FF83A7CE1}.Release|x64.ActiveCfg = Release|Any CPU
		{0A78F6FF-5586-4052-8104-E23FF83A7CE1}.Release|x86.ActiveCfg = Release|x86
		{0A78F6FF-5586-4052-8104-E23FF83A7CE1}.Release|x86.Build.0 = Release|x86
		{0A78F6FF-5586-4052-8104-E23FF83A7CE1}.Win7 Debug|Any CPU.ActiveCfg = Debug|Any CPU
		{0A78F6FF-5586-4052-8104-E23FF83A7CE1}.Win7 Debug|Any CPU.Build.0 = Debug|Any CPU
		{0A78F6FF-5586-4052-8104-E23FF83A7CE1}.Win7 Debug|Mixed Platforms.ActiveCfg = Debug|x86
		{0A78F6FF-5586-4052-8104-E23FF83A7CE1}.Win7 Debug|Mixed Platforms.Build.0 = Debug|x86
		{0A78F6FF-5586-4052-8104-E23FF83A7CE1}.Win7 Debug|Win32.ActiveCfg = Debug|x86
		{0A78F6FF-5586-4052-8104-E23FF83A7CE1}.Win7 Debug|Win32.Build.0 = Debug|x86
		{0A78F6FF-5586-4052-8104-E23FF83A7CE1}.Win7 Debug|x64.ActiveCfg = Debug|Any CPU
		{0A78F6FF-5586-4052-8104-E23FF83A7CE1}.Win7 Debug|x86.ActiveCfg = Debug|x86
		{0A78F6FF-5586-4052-8104-E23FF83A7CE1}.Win7 Debug|x86.Build.0 = Debug|x86
		{0A78F6FF-5586-4052-8104-E23FF83A7CE1}.Win7 Release|Any CPU.ActiveCfg = Release|Any CPU
		{0A78F6FF-5586-4052-8104-E23FF83A7CE1}.Win7 Release|Any CPU.Build.0 = Release|Any CPU
		{0A78F6FF-5586-4052-8104-E23FF83A7CE1}.Win7 Release|Mixed Platforms.ActiveCfg = Release|x86
		{0A78F6FF-5586-4052-8104-E23FF83A7CE1}.Win7 Release|Mixed Platforms.Build.0 = Release|x86
		{0A78F6FF-5586-4052-8104-E23FF83A7CE1}.Win7 Release|Win32.ActiveCfg = Release|x86
		{0A78F6FF-5586-4052-8104-E23FF83A7CE1}.Win7 Release|Win32.Build.0 = Release|x86
		{0A78F6FF-5586-4052-8104-E23FF83A7CE1}.Win7 Release|x64.ActiveCfg = Release|Any CPU
		{0A78F6FF-5586-4052-8104-E23FF83A7CE1}.Win7 Release|x86.ActiveCfg = Release|x86
		{0A78F6FF-5586-4052-8104-E23FF83A7CE1}.Win7 Release|x86.Build.0 = Release|x86
		{0A78F6FF-5586-4052-8104-E23FF83A7CE1}.Win8 Debug|Any CPU.ActiveCfg = Debug|Any CPU
		{0A78F6FF-5586-4052-8104-E23FF83A7CE1}.Win8 Debug|Any CPU.Build.0 = Debug|Any CPU
		{0A78F6FF-5586-4052-8104-E23FF83A7CE1}.Win8 Debug|Mixed Platforms.ActiveCfg = Debug|x86
		{0A78F6FF-5586-4052-8104-E23FF83A7CE1}.Win8 Debug|Mixed Platforms.Build.0 = Debug|x86
		{0A78F6FF-5586-4052-8104-E23FF83A7CE1}.Win8 Debug|Win32.ActiveCfg = Debug|x86
		{0A78F6FF-5586-4052-8104-E23FF83A7CE1}.Win8 Debug|Win32.Build.0 = Debug|x86
		{0A78F6FF-5586-4052-8104-E23FF83A7CE1}.Win8 Debug|x64.ActiveCfg = Debug|Any CPU
		{0A78F6FF-5586-4052-8104-E23FF83A7CE1}.Win8 Debug|x86.ActiveCfg = Debug|x86
		{0A78F6FF-5586-4052-8104-E23FF83A7CE1}.Win8 Debug|x86.Build.0 = Debug|x86
		{0A78F6FF-5586-4052-8104-E23FF83A7CE1}.Win8 Release|Any CPU.ActiveCfg = Release|Any CPU
		{0A78F6FF-5586-4052-8104-E23FF83A7CE1}.Win8 Release|Any CPU.Build.0 = Release|Any CPU
		{0A78F6FF-5586-4052-8104-E23FF83A7CE1}.Win8 Release|Mixed Platforms.ActiveCfg = Release|x86
		{0A78F6FF-5586-4052-8104-E23FF83A7CE1}.Win8 Release|Mixed Platforms.Build.0 = Release|x86
		{0A78F6FF-5586-4052-8104-E23FF83A7CE1}.Win8 Release|Win32.ActiveCfg = Release|x86
		{0A78F6FF-5586-4052-8104-E23FF83A7CE1}.Win8 Release|Win32.Build.0 = Release|x86
		{0A78F6FF-5586-4052-8104-E23FF83A7CE1}.Win8 Release|x64.ActiveCfg = Release|Any CPU
		{0A78F6FF-5586-4052-8104-E23FF83A7CE1}.Win8 Release|x86.ActiveCfg = Release|x86
		{0A78F6FF-5586-4052-8104-E23FF83A7CE1}.Win8 Release|x86.Build.0 = Release|x86
		{0A78F6FF-5586-4052-8104-E23FF83A7CE1}.Win8.1 Debug|Any CPU.ActiveCfg = Debug|Any CPU
		{0A78F6FF-5586-4052-8104-E23FF83A7CE1}.Win8.1 Debug|Any CPU.Build.0 = Debug|Any CPU
		{0A78F6FF-5586-4052-8104-E23FF83A7CE1}.Win8.1 Debug|Mixed Platforms.ActiveCfg = Debug|x86
		{0A78F6FF-5586-4052-8104-E23FF83A7CE1}.Win8.1 Debug|Mixed Platforms.Build.0 = Debug|x86
		{0A78F6FF-5586-4052-8104-E23FF83A7CE1}.Win8.1 Debug|Win32.ActiveCfg = Debug|x86
		{0A78F6FF-5586-4052-8104-E23FF83A7CE1}.Win8.1 Debug|Win32.Build.0 = Debug|x86
		{0A78F6FF-5586-4052-8104-E23FF83A7CE1}.Win8.1 Debug|x64.ActiveCfg = Debug|Any CPU
		{0A78F6FF-5586-4052-8104-E23FF83A7CE1}.Win8.1 Debug|x86.ActiveCfg = Debug|x86
		{0A78F6FF-5586-4052-8104-E23FF83A7CE1}.Win8.1 Debug|x86.Build.0 = Debug|x86
		{0A78F6FF-5586-4052-8104-E23FF83A7CE1}.Win8.1 Release|Any CPU.ActiveCfg = Release|Any CPU
		{0A78F6FF-5586-4052-8104-E23FF83A7CE1}.Win8.1 Release|Any CPU.Build.0 = Release|Any CPU
		{0A78F6FF-5586-4052-8104-E23FF83A7CE1}.Win8.1 Release|Mixed Platforms.ActiveCfg = Release|x86
		{0A78F6FF-5586-4052-8104-E23FF83A7CE1}.Win8.1 Release|Mixed Platforms.Build.0 = Release|x86
		{0A78F6FF-5586-4052-8104-E23FF83A7CE1}.Win8.1 Release|Win32.ActiveCfg = Release|x86
		{0A78F6FF-5586-4052-8104-E23FF83A7CE1}.Win8.1 Release|Win32.Build.0 = Release|x86
		{0A78F6FF-5586-4052-8104-E23FF83A7CE1}.Win8.1 Release|x64.ActiveCfg = Release|Any CPU
		{0A78F6FF-5586-4052-8104-E23FF83A7CE1}.Win8.1 Release|x86.ActiveCfg = Release|x86
		{0A78F6FF-5586-4052-8104-E23FF83A7CE1}.Win8.1 Release|x86.Build.0 = Release|x86
		{09B267C0-7707-43BE-B9C2-DF80897691C7}.CodeAnalysis|Any CPU.ActiveCfg = Release|Any CPU
		{09B267C0-7707-43BE-B9C2-DF80897691C7}.CodeAnalysis|Any CPU.Build.0 = Release|Any CPU
		{09B267C0-7707-43BE-B9C2-DF80897691C7}.CodeAnalysis|Mixed Platforms.ActiveCfg = Release|Any CPU
		{09B267C0-7707-43BE-B9C2-DF80897691C7}.CodeAnalysis|Mixed Platforms.Build.0 = Release|Any CPU
		{09B267C0-7707-43BE-B9C2-DF80897691C7}.CodeAnalysis|Win32.ActiveCfg = Release|Any CPU
		{09B267C0-7707-43BE-B9C2-DF80897691C7}.CodeAnalysis|x64.ActiveCfg = Release|Any CPU
		{09B267C0-7707-43BE-B9C2-DF80897691C7}.CodeAnalysis|x86.ActiveCfg = Release|Any CPU
		{09B267C0-7707-43BE-B9C2-DF80897691C7}.Debug|Any CPU.ActiveCfg = Debug|Any CPU
		{09B267C0-7707-43BE-B9C2-DF80897691C7}.Debug|Any CPU.Build.0 = Debug|Any CPU
		{09B267C0-7707-43BE-B9C2-DF80897691C7}.Debug|Mixed Platforms.ActiveCfg = Debug|Any CPU
		{09B267C0-7707-43BE-B9C2-DF80897691C7}.Debug|Mixed Platforms.Build.0 = Debug|Any CPU
		{09B267C0-7707-43BE-B9C2-DF80897691C7}.Debug|Win32.ActiveCfg = Debug|Any CPU
		{09B267C0-7707-43BE-B9C2-DF80897691C7}.Debug|x64.ActiveCfg = Debug|Any CPU
		{09B267C0-7707-43BE-B9C2-DF80897691C7}.Debug|x86.ActiveCfg = Debug|Any CPU
		{09B267C0-7707-43BE-B9C2-DF80897691C7}.Release|Any CPU.ActiveCfg = Release|Any CPU
		{09B267C0-7707-43BE-B9C2-DF80897691C7}.Release|Any CPU.Build.0 = Release|Any CPU
		{09B267C0-7707-43BE-B9C2-DF80897691C7}.Release|Mixed Platforms.ActiveCfg = Release|Any CPU
		{09B267C0-7707-43BE-B9C2-DF80897691C7}.Release|Mixed Platforms.Build.0 = Release|Any CPU
		{09B267C0-7707-43BE-B9C2-DF80897691C7}.Release|Win32.ActiveCfg = Release|Any CPU
		{09B267C0-7707-43BE-B9C2-DF80897691C7}.Release|x64.ActiveCfg = Release|Any CPU
		{09B267C0-7707-43BE-B9C2-DF80897691C7}.Release|x86.ActiveCfg = Release|Any CPU
		{09B267C0-7707-43BE-B9C2-DF80897691C7}.Win7 Debug|Any CPU.ActiveCfg = Debug|Any CPU
		{09B267C0-7707-43BE-B9C2-DF80897691C7}.Win7 Debug|Any CPU.Build.0 = Debug|Any CPU
		{09B267C0-7707-43BE-B9C2-DF80897691C7}.Win7 Debug|Mixed Platforms.ActiveCfg = Debug|Any CPU
		{09B267C0-7707-43BE-B9C2-DF80897691C7}.Win7 Debug|Mixed Platforms.Build.0 = Debug|Any CPU
		{09B267C0-7707-43BE-B9C2-DF80897691C7}.Win7 Debug|Win32.ActiveCfg = Debug|Any CPU
		{09B267C0-7707-43BE-B9C2-DF80897691C7}.Win7 Debug|x64.ActiveCfg = Debug|Any CPU
		{09B267C0-7707-43BE-B9C2-DF80897691C7}.Win7 Debug|x86.ActiveCfg = Debug|Any CPU
		{09B267C0-7707-43BE-B9C2-DF80897691C7}.Win7 Release|Any CPU.ActiveCfg = Release|Any CPU
		{09B267C0-7707-43BE-B9C2-DF80897691C7}.Win7 Release|Any CPU.Build.0 = Release|Any CPU
		{09B267C0-7707-43BE-B9C2-DF80897691C7}.Win7 Release|Mixed Platforms.ActiveCfg = Release|Any CPU
		{09B267C0-7707-43BE-B9C2-DF80897691C7}.Win7 Release|Mixed Platforms.Build.0 = Release|Any CPU
		{09B267C0-7707-43BE-B9C2-DF80897691C7}.Win7 Release|Win32.ActiveCfg = Release|Any CPU
		{09B267C0-7707-43BE-B9C2-DF80897691C7}.Win7 Release|x64.ActiveCfg = Release|Any CPU
		{09B267C0-7707-43BE-B9C2-DF80897691C7}.Win7 Release|x86.ActiveCfg = Release|Any CPU
		{09B267C0-7707-43BE-B9C2-DF80897691C7}.Win8 Debug|Any CPU.ActiveCfg = Debug|Any CPU
		{09B267C0-7707-43BE-B9C2-DF80897691C7}.Win8 Debug|Any CPU.Build.0 = Debug|Any CPU
		{09B267C0-7707-43BE-B9C2-DF80897691C7}.Win8 Debug|Mixed Platforms.ActiveCfg = Debug|Any CPU
		{09B267C0-7707-43BE-B9C2-DF80897691C7}.Win8 Debug|Mixed Platforms.Build.0 = Debug|Any CPU
		{09B267C0-7707-43BE-B9C2-DF80897691C7}.Win8 Debug|Win32.ActiveCfg = Debug|Any CPU
		{09B267C0-7707-43BE-B9C2-DF80897691C7}.Win8 Debug|x64.ActiveCfg = Debug|Any CPU
		{09B267C0-7707-43BE-B9C2-DF80897691C7}.Win8 Debug|x86.ActiveCfg = Debug|Any CPU
		{09B267C0-7707-43BE-B9C2-DF80897691C7}.Win8 Release|Any CPU.ActiveCfg = Release|Any CPU
		{09B267C0-7707-43BE-B9C2-DF80897691C7}.Win8 Release|Any CPU.Build.0 = Release|Any CPU
		{09B267C0-7707-43BE-B9C2-DF80897691C7}.Win8 Release|Mixed Platforms.ActiveCfg = Release|Any CPU
		{09B267C0-7707-43BE-B9C2-DF80897691C7}.Win8 Release|Mixed Platforms.Build.0 = Release|Any CPU
		{09B267C0-7707-43BE-B9C2-DF80897691C7}.Win8 Release|Win32.ActiveCfg = Release|Any CPU
		{09B267C0-7707-43BE-B9C2-DF80897691C7}.Win8 Release|x64.ActiveCfg = Release|Any CPU
		{09B267C0-7707-43BE-B9C2-DF80897691C7}.Win8 Release|x86.ActiveCfg = Release|Any CPU
		{09B267C0-7707-43BE-B9C2-DF80897691C7}.Win8.1 Debug|Any CPU.ActiveCfg = Debug|Any CPU
		{09B267C0-7707-43BE-B9C2-DF80897691C7}.Win8.1 Debug|Any CPU.Build.0 = Debug|Any CPU
		{09B267C0-7707-43BE-B9C2-DF80897691C7}.Win8.1 Debug|Mixed Platforms.ActiveCfg = Debug|Any CPU
		{09B267C0-7707-43BE-B9C2-DF80897691C7}.Win8.1 Debug|Mixed Platforms.Build.0 = Debug|Any CPU
		{09B267C0-7707-43BE-B9C2-DF80897691C7}.Win8.1 Debug|Win32.ActiveCfg = Debug|Any CPU
		{09B267C0-7707-43BE-B9C2-DF80897691C7}.Win8.1 Debug|x64.ActiveCfg = Debug|Any CPU
		{09B267C0-7707-43BE-B9C2-DF80897691C7}.Win8.1 Debug|x86.ActiveCfg = Debug|Any CPU
		{09B267C0-7707-43BE-B9C2-DF80897691C7}.Win8.1 Release|Any CPU.ActiveCfg = Release|Any CPU
		{09B267C0-7707-43BE-B9C2-DF80897691C7}.Win8.1 Release|Any CPU.Build.0 = Release|Any CPU
		{09B267C0-7707-43BE-B9C2-DF80897691C7}.Win8.1 Release|Mixed Platforms.ActiveCfg = Release|Any CPU
		{09B267C0-7707-43BE-B9C2-DF80897691C7}.Win8.1 Release|Mixed Platforms.Build.0 = Release|Any CPU
		{09B267C0-7707-43BE-B9C2-DF80897691C7}.Win8.1 Release|Win32.ActiveCfg = Release|Any CPU
		{09B267C0-7707-43BE-B9C2-DF80897691C7}.Win8.1 Release|x64.ActiveCfg = Release|Any CPU
		{09B267C0-7707-43BE-B9C2-DF80897691C7}.Win8.1 Release|x86.ActiveCfg = Release|Any CPU
		{599494B1-8D7F-44DF-9D70-F0E2B8D118F0}.CodeAnalysis|Any CPU.ActiveCfg = Release|Any CPU
		{599494B1-8D7F-44DF-9D70-F0E2B8D118F0}.CodeAnalysis|Any CPU.Build.0 = Release|Any CPU
		{599494B1-8D7F-44DF-9D70-F0E2B8D118F0}.CodeAnalysis|Mixed Platforms.ActiveCfg = Release|Any CPU
		{599494B1-8D7F-44DF-9D70-F0E2B8D118F0}.CodeAnalysis|Mixed Platforms.Build.0 = Release|Any CPU
		{599494B1-8D7F-44DF-9D70-F0E2B8D118F0}.CodeAnalysis|Win32.ActiveCfg = Release|Any CPU
		{599494B1-8D7F-44DF-9D70-F0E2B8D118F0}.CodeAnalysis|x64.ActiveCfg = Release|Any CPU
		{599494B1-8D7F-44DF-9D70-F0E2B8D118F0}.CodeAnalysis|x86.ActiveCfg = Release|Any CPU
		{599494B1-8D7F-44DF-9D70-F0E2B8D118F0}.Debug|Any CPU.ActiveCfg = Debug|Any CPU
		{599494B1-8D7F-44DF-9D70-F0E2B8D118F0}.Debug|Any CPU.Build.0 = Debug|Any CPU
		{599494B1-8D7F-44DF-9D70-F0E2B8D118F0}.Debug|Mixed Platforms.ActiveCfg = Debug|Any CPU
		{599494B1-8D7F-44DF-9D70-F0E2B8D118F0}.Debug|Mixed Platforms.Build.0 = Debug|Any CPU
		{599494B1-8D7F-44DF-9D70-F0E2B8D118F0}.Debug|Win32.ActiveCfg = Debug|Any CPU
		{599494B1-8D7F-44DF-9D70-F0E2B8D118F0}.Debug|x64.ActiveCfg = Debug|Any CPU
		{599494B1-8D7F-44DF-9D70-F0E2B8D118F0}.Debug|x86.ActiveCfg = Debug|Any CPU
		{599494B1-8D7F-44DF-9D70-F0E2B8D118F0}.Release|Any CPU.ActiveCfg = Release|Any CPU
		{599494B1-8D7F-44DF-9D70-F0E2B8D118F0}.Release|Any CPU.Build.0 = Release|Any CPU
		{599494B1-8D7F-44DF-9D70-F0E2B8D118F0}.Release|Mixed Platforms.ActiveCfg = Release|Any CPU
		{599494B1-8D7F-44DF-9D70-F0E2B8D118F0}.Release|Mixed Platforms.Build.0 = Release|Any CPU
		{599494B1-8D7F-44DF-9D70-F0E2B8D118F0}.Release|Win32.ActiveCfg = Release|Any CPU
		{599494B1-8D7F-44DF-9D70-F0E2B8D118F0}.Release|x64.ActiveCfg = Release|Any CPU
		{599494B1-8D7F-44DF-9D70-F0E2B8D118F0}.Release|x86.ActiveCfg = Release|Any CPU
		{599494B1-8D7F-44DF-9D70-F0E2B8D118F0}.Win7 Debug|Any CPU.ActiveCfg = Debug|Any CPU
		{599494B1-8D7F-44DF-9D70-F0E2B8D118F0}.Win7 Debug|Any CPU.Build.0 = Debug|Any CPU
		{599494B1-8D7F-44DF-9D70-F0E2B8D118F0}.Win7 Debug|Mixed Platforms.ActiveCfg = Debug|Any CPU
		{599494B1-8D7F-44DF-9D70-F0E2B8D118F0}.Win7 Debug|Mixed Platforms.Build.0 = Debug|Any CPU
		{599494B1-8D7F-44DF-9D70-F0E2B8D118F0}.Win7 Debug|Win32.ActiveCfg = Debug|Any CPU
		{599494B1-8D7F-44DF-9D70-F0E2B8D118F0}.Win7 Debug|x64.ActiveCfg = Debug|Any CPU
		{599494B1-8D7F-44DF-9D70-F0E2B8D118F0}.Win7 Debug|x86.ActiveCfg = Debug|Any CPU
		{599494B1-8D7F-44DF-9D70-F0E2B8D118F0}.Win7 Release|Any CPU.ActiveCfg = Release|Any CPU
		{599494B1-8D7F-44DF-9D70-F0E2B8D118F0}.Win7 Release|Any CPU.Build.0 = Release|Any CPU
		{599494B1-8D7F-44DF-9D70-F0E2B8D118F0}.Win7 Release|Mixed Platforms.ActiveCfg = Release|Any CPU
		{599494B1-8D7F-44DF-9D70-F0E2B8D118F0}.Win7 Release|Mixed Platforms.Build.0 = Release|Any CPU
		{599494B1-8D7F-44DF-9D70-F0E2B8D118F0}.Win7 Release|Win32.ActiveCfg = Release|Any CPU
		{599494B1-8D7F-44DF-9D70-F0E2B8D118F0}.Win7 Release|x64.ActiveCfg = Release|Any CPU
		{599494B1-8D7F-44DF-9D70-F0E2B8D118F0}.Win7 Release|x86.ActiveCfg = Release|Any CPU
		{599494B1-8D7F-44DF-9D70-F0E2B8D118F0}.Win8 Debug|Any CPU.ActiveCfg = Debug|Any CPU
		{599494B1-8D7F-44DF-9D70-F0E2B8D118F0}.Win8 Debug|Any CPU.Build.0 = Debug|Any CPU
		{599494B1-8D7F-44DF-9D70-F0E2B8D118F0}.Win8 Debug|Mixed Platforms.ActiveCfg = Debug|Any CPU
		{599494B1-8D7F-44DF-9D70-F0E2B8D118F0}.Win8 Debug|Mixed Platforms.Build.0 = Debug|Any CPU
		{599494B1-8D7F-44DF-9D70-F0E2B8D118F0}.Win8 Debug|Win32.ActiveCfg = Debug|Any CPU
		{599494B1-8D7F-44DF-9D70-F0E2B8D118F0}.Win8 Debug|x64.ActiveCfg = Debug|Any CPU
		{599494B1-8D7F-44DF-9D70-F0E2B8D118F0}.Win8 Debug|x86.ActiveCfg = Debug|Any CPU
		{599494B1-8D7F-44DF-9D70-F0E2B8D118F0}.Win8 Release|Any CPU.ActiveCfg = Release|Any CPU
		{599494B1-8D7F-44DF-9D70-F0E2B8D118F0}.Win8 Release|Any CPU.Build.0 = Release|Any CPU
		{599494B1-8D7F-44DF-9D70-F0E2B8D118F0}.Win8 Release|Mixed Platforms.ActiveCfg = Release|Any CPU
		{599494B1-8D7F-44DF-9D70-F0E2B8D118F0}.Win8 Release|Mixed Platforms.Build.0 = Release|Any CPU
		{599494B1-8D7F-44DF-9D70-F0E2B8D118F0}.Win8 Release|Win32.ActiveCfg = Release|Any CPU
		{599494B1-8D7F-44DF-9D70-F0E2B8D118F0}.Win8 Release|x64.ActiveCfg = Release|Any CPU
		{599494B1-8D7F-44DF-9D70-F0E2B8D118F0}.Win8 Release|x86.ActiveCfg = Release|Any CPU
		{599494B1-8D7F-44DF-9D70-F0E2B8D118F0}.Win8.1 Debug|Any CPU.ActiveCfg = Debug|Any CPU
		{599494B1-8D7F-44DF-9D70-F0E2B8D118F0}.Win8.1 Debug|Any CPU.Build.0 = Debug|Any CPU
		{599494B1-8D7F-44DF-9D70-F0E2B8D118F0}.Win8.1 Debug|Mixed Platforms.ActiveCfg = Debug|Any CPU
		{599494B1-8D7F-44DF-9D70-F0E2B8D118F0}.Win8.1 Debug|Mixed Platforms.Build.0 = Debug|Any CPU
		{599494B1-8D7F-44DF-9D70-F0E2B8D118F0}.Win8.1 Debug|Win32.ActiveCfg = Debug|Any CPU
		{599494B1-8D7F-44DF-9D70-F0E2B8D118F0}.Win8.1 Debug|x64.ActiveCfg = Debug|Any CPU
		{599494B1-8D7F-44DF-9D70-F0E2B8D118F0}.Win8.1 Debug|x86.ActiveCfg = Debug|Any CPU
		{599494B1-8D7F-44DF-9D70-F0E2B8D118F0}.Win8.1 Release|Any CPU.ActiveCfg = Release|Any CPU
		{599494B1-8D7F-44DF-9D70-F0E2B8D118F0}.Win8.1 Release|Any CPU.Build.0 = Release|Any CPU
		{599494B1-8D7F-44DF-9D70-F0E2B8D118F0}.Win8.1 Release|Mixed Platforms.ActiveCfg = Release|Any CPU
		{599494B1-8D7F-44DF-9D70-F0E2B8D118F0}.Win8.1 Release|Mixed Platforms.Build.0 = Release|Any CPU
		{599494B1-8D7F-44DF-9D70-F0E2B8D118F0}.Win8.1 Release|Win32.ActiveCfg = Release|Any CPU
		{599494B1-8D7F-44DF-9D70-F0E2B8D118F0}.Win8.1 Release|x64.ActiveCfg = Release|Any CPU
		{599494B1-8D7F-44DF-9D70-F0E2B8D118F0}.Win8.1 Release|x86.ActiveCfg = Release|Any CPU
		{38B377A0-0E55-4074-B368-B9DF31748754}.CodeAnalysis|Any CPU.ActiveCfg = Release|Any CPU
		{38B377A0-0E55-4074-B368-B9DF31748754}.CodeAnalysis|Any CPU.Build.0 = Release|Any CPU
		{38B377A0-0E55-4074-B368-B9DF31748754}.CodeAnalysis|Mixed Platforms.ActiveCfg = Release|Any CPU
		{38B377A0-0E55-4074-B368-B9DF31748754}.CodeAnalysis|Mixed Platforms.Build.0 = Release|Any CPU
		{38B377A0-0E55-4074-B368-B9DF31748754}.CodeAnalysis|Win32.ActiveCfg = Release|Any CPU
		{38B377A0-0E55-4074-B368-B9DF31748754}.CodeAnalysis|x64.ActiveCfg = Release|Any CPU
		{38B377A0-0E55-4074-B368-B9DF31748754}.CodeAnalysis|x86.ActiveCfg = Release|Any CPU
		{38B377A0-0E55-4074-B368-B9DF31748754}.Debug|Any CPU.ActiveCfg = Debug|Any CPU
		{38B377A0-0E55-4074-B368-B9DF31748754}.Debug|Any CPU.Build.0 = Debug|Any CPU
		{38B377A0-0E55-4074-B368-B9DF31748754}.Debug|Mixed Platforms.ActiveCfg = Debug|Any CPU
		{38B377A0-0E55-4074-B368-B9DF31748754}.Debug|Mixed Platforms.Build.0 = Debug|Any CPU
		{38B377A0-0E55-4074-B368-B9DF31748754}.Debug|Win32.ActiveCfg = Debug|Any CPU
		{38B377A0-0E55-4074-B368-B9DF31748754}.Debug|x64.ActiveCfg = Debug|Any CPU
		{38B377A0-0E55-4074-B368-B9DF31748754}.Debug|x86.ActiveCfg = Debug|Any CPU
		{38B377A0-0E55-4074-B368-B9DF31748754}.Release|Any CPU.ActiveCfg = Release|Any CPU
		{38B377A0-0E55-4074-B368-B9DF31748754}.Release|Any CPU.Build.0 = Release|Any CPU
		{38B377A0-0E55-4074-B368-B9DF31748754}.Release|Mixed Platforms.ActiveCfg = Release|Any CPU
		{38B377A0-0E55-4074-B368-B9DF31748754}.Release|Mixed Platforms.Build.0 = Release|Any CPU
		{38B377A0-0E55-4074-B368-B9DF31748754}.Release|Win32.ActiveCfg = Release|Any CPU
		{38B377A0-0E55-4074-B368-B9DF31748754}.Release|x64.ActiveCfg = Release|Any CPU
		{38B377A0-0E55-4074-B368-B9DF31748754}.Release|x86.ActiveCfg = Release|Any CPU
		{38B377A0-0E55-4074-B368-B9DF31748754}.Win7 Debug|Any CPU.ActiveCfg = Debug|Any CPU
		{38B377A0-0E55-4074-B368-B9DF31748754}.Win7 Debug|Any CPU.Build.0 = Debug|Any CPU
		{38B377A0-0E55-4074-B368-B9DF31748754}.Win7 Debug|Mixed Platforms.ActiveCfg = Debug|Any CPU
		{38B377A0-0E55-4074-B368-B9DF31748754}.Win7 Debug|Mixed Platforms.Build.0 = Debug|Any CPU
		{38B377A0-0E55-4074-B368-B9DF31748754}.Win7 Debug|Win32.ActiveCfg = Debug|Any CPU
		{38B377A0-0E55-4074-B368-B9DF31748754}.Win7 Debug|x64.ActiveCfg = Debug|Any CPU
		{38B377A0-0E55-4074-B368-B9DF31748754}.Win7 Debug|x86.ActiveCfg = Debug|Any CPU
		{38B377A0-0E55-4074-B368-B9DF31748754}.Win7 Release|Any CPU.ActiveCfg = Release|Any CPU
		{38B377A0-0E55-4074-B368-B9DF31748754}.Win7 Release|Any CPU.Build.0 = Release|Any CPU
		{38B377A0-0E55-4074-B368-B9DF31748754}.Win7 Release|Mixed Platforms.ActiveCfg = Release|Any CPU
		{38B377A0-0E55-4074-B368-B9DF31748754}.Win7 Release|Mixed Platforms.Build.0 = Release|Any CPU
		{38B377A0-0E55-4074-B368-B9DF31748754}.Win7 Release|Win32.ActiveCfg = Release|Any CPU
		{38B377A0-0E55-4074-B368-B9DF31748754}.Win7 Release|x64.ActiveCfg = Release|Any CPU
		{38B377A0-0E55-4074-B368-B9DF31748754}.Win7 Release|x86.ActiveCfg = Release|Any CPU
		{38B377A0-0E55-4074-B368-B9DF31748754}.Win8 Debug|Any CPU.ActiveCfg = Debug|Any CPU
		{38B377A0-0E55-4074-B368-B9DF31748754}.Win8 Debug|Any CPU.Build.0 = Debug|Any CPU
		{38B377A0-0E55-4074-B368-B9DF31748754}.Win8 Debug|Mixed Platforms.ActiveCfg = Debug|Any CPU
		{38B377A0-0E55-4074-B368-B9DF31748754}.Win8 Debug|Mixed Platforms.Build.0 = Debug|Any CPU
		{38B377A0-0E55-4074-B368-B9DF31748754}.Win8 Debug|Win32.ActiveCfg = Debug|Any CPU
		{38B377A0-0E55-4074-B368-B9DF31748754}.Win8 Debug|x64.ActiveCfg = Debug|Any CPU
		{38B377A0-0E55-4074-B368-B9DF31748754}.Win8 Debug|x86.ActiveCfg = Debug|Any CPU
		{38B377A0-0E55-4074-B368-B9DF31748754}.Win8 Release|Any CPU.ActiveCfg = Release|Any CPU
		{38B377A0-0E55-4074-B368-B9DF31748754}.Win8 Release|Any CPU.Build.0 = Release|Any CPU
		{38B377A0-0E55-4074-B368-B9DF31748754}.Win8 Release|Mixed Platforms.ActiveCfg = Release|Any CPU
		{38B377A0-0E55-4074-B368-B9DF31748754}.Win8 Release|Mixed Platforms.Build.0 = Release|Any CPU
		{38B377A0-0E55-4074-B368-B9DF31748754}.Win8 Release|Win32.ActiveCfg = Release|Any CPU
		{38B377A0-0E55-4074-B368-B9DF31748754}.Win8 Release|x64.ActiveCfg = Release|Any CPU
		{38B377A0-0E55-4074-B368-B9DF31748754}.Win8 Release|x86.ActiveCfg = Release|Any CPU
		{38B377A0-0E55-4074-B368-B9DF31748754}.Win8.1 Debug|Any CPU.ActiveCfg = Debug|Any CPU
		{38B377A0-0E55-4074-B368-B9DF31748754}.Win8.1 Debug|Any CPU.Build.0 = Debug|Any CPU
		{38B377A0-0E55-4074-B368-B9DF31748754}.Win8.1 Debug|Mixed Platforms.ActiveCfg = Debug|Any CPU
		{38B377A0-0E55-4074-B368-B9DF31748754}.Win8.1 Debug|Mixed Platforms.Build.0 = Debug|Any CPU
		{38B377A0-0E55-4074-B368-B9DF31748754}.Win8.1 Debug|Win32.ActiveCfg = Debug|Any CPU
		{38B377A0-0E55-4074-B368-B9DF31748754}.Win8.1 Debug|x64.ActiveCfg = Debug|Any CPU
		{38B377A0-0E55-4074-B368-B9DF31748754}.Win8.1 Debug|x86.ActiveCfg = Debug|Any CPU
		{38B377A0-0E55-4074-B368-B9DF31748754}.Win8.1 Release|Any CPU.ActiveCfg = Release|Any CPU
		{38B377A0-0E55-4074-B368-B9DF31748754}.Win8.1 Release|Any CPU.Build.0 = Release|Any CPU
		{38B377A0-0E55-4074-B368-B9DF31748754}.Win8.1 Release|Mixed Platforms.ActiveCfg = Release|Any CPU
		{38B377A0-0E55-4074-B368-B9DF31748754}.Win8.1 Release|Mixed Platforms.Build.0 = Release|Any CPU
		{38B377A0-0E55-4074-B368-B9DF31748754}.Win8.1 Release|Win32.ActiveCfg = Release|Any CPU
		{38B377A0-0E55-4074-B368-B9DF31748754}.Win8.1 Release|x64.ActiveCfg = Release|Any CPU
		{38B377A0-0E55-4074-B368-B9DF31748754}.Win8.1 Release|x86.ActiveCfg = Release|Any CPU
	EndGlobalSection
	GlobalSection(SolutionProperties) = preSolution
		HideSolutionNode = FALSE
	EndGlobalSection
EndGlobal
